// !$*UTF8*$!
{
	archiveVersion = 1;
	classes = {
	};
	objectVersion = 46;
	objects = {

/* Begin PBXBuildFile section */
		068F61DE1EB77AC90086E080 /* NSObject+APRandomNumbers.m in Sources */ = {isa = PBXBuildFile; fileRef = 068F61DD1EB77AC90086E080 /* NSObject+APRandomNumbers.m */; };
		068F61EC1EB7E7F40086E080 /* NSObject+APObject.m in Sources */ = {isa = PBXBuildFile; fileRef = 068F61EA1EB7E7F40086E080 /* NSObject+APObject.m */; };
		068F61F01EB7E8D90086E080 /* NSArray+APArray.m in Sources */ = {isa = PBXBuildFile; fileRef = 068F61EF1EB7E8D90086E080 /* NSArray+APArray.m */; };
		068F61F41EB8998C0086E080 /* APCarWashBuilding.m in Sources */ = {isa = PBXBuildFile; fileRef = 068F61F31EB8998C0086E080 /* APCarWashBuilding.m */; };
		068F61F81EB89B6A0086E080 /* APCarWashRoom.m in Sources */ = {isa = PBXBuildFile; fileRef = 068F61F71EB89B6A0086E080 /* APCarWashRoom.m */; };
		068F61FB1EB8A2730086E080 /* APWorker.m in Sources */ = {isa = PBXBuildFile; fileRef = 068F61FA1EB8A2730086E080 /* APWorker.m */; };
		068F61FE1EB8A28E0086E080 /* APCar.m in Sources */ = {isa = PBXBuildFile; fileRef = 068F61FD1EB8A28E0086E080 /* APCar.m */; };
		068F62021EB8B3AD0086E080 /* APWosher.m in Sources */ = {isa = PBXBuildFile; fileRef = 068F62011EB8B3AD0086E080 /* APWosher.m */; };
		068F62061EB8B4320086E080 /* APAccountant.m in Sources */ = {isa = PBXBuildFile; fileRef = 068F62051EB8B4320086E080 /* APAccountant.m */; };
		068F620A1EB8B4670086E080 /* APBoss.m in Sources */ = {isa = PBXBuildFile; fileRef = 068F62091EB8B4670086E080 /* APBoss.m */; };
		069C7B4C1EB140B400584B4B /* APCreature.m in Sources */ = {isa = PBXBuildFile; fileRef = 069C7B3D1EB140B400584B4B /* APCreature.m */; };
		069C7B4D1EB140B400584B4B /* APCreatureTests.m in Sources */ = {isa = PBXBuildFile; fileRef = 069C7B401EB140B400584B4B /* APCreatureTests.m */; };
		069C7B4E1EB140B400584B4B /* APCreatureFemale.m in Sources */ = {isa = PBXBuildFile; fileRef = 069C7B431EB140B400584B4B /* APCreatureFemale.m */; };
		069C7B4F1EB140B400584B4B /* APCreatureMale.m in Sources */ = {isa = PBXBuildFile; fileRef = 069C7B461EB140B400584B4B /* APCreatureMale.m */; };
		069C7B511EB140B400584B4B /* main.m in Sources */ = {isa = PBXBuildFile; fileRef = 069C7B4B1EB140B400584B4B /* main.m */; };
		069C7B6D1EB3DDF600584B4B /* APCarWashTest.m in Sources */ = {isa = PBXBuildFile; fileRef = 069C7B6C1EB3DDF600584B4B /* APCarWashTest.m */; };
		069C7B741EB485D200584B4B /* APRoom.m in Sources */ = {isa = PBXBuildFile; fileRef = 069C7B731EB485D200584B4B /* APRoom.m */; };
		069C7B771EB4908700584B4B /* APBuilding.m in Sources */ = {isa = PBXBuildFile; fileRef = 069C7B761EB4908700584B4B /* APBuilding.m */; };
/* End PBXBuildFile section */

/* Begin PBXCopyFilesBuildPhase section */
		0644E0391EAA471000C5F33C /* CopyFiles */ = {
			isa = PBXCopyFilesBuildPhase;
			buildActionMask = 2147483647;
			dstPath = /usr/share/man/man1/;
			dstSubfolderSpec = 0;
			files = (
			);
			runOnlyForDeploymentPostprocessing = 1;
		};
/* End PBXCopyFilesBuildPhase section */

/* Begin PBXFileReference section */
		0644E03B1EAA471000C5F33C /* APCreature */ = {isa = PBXFileReference; explicitFileType = "compiled.mach-o.executable"; includeInIndex = 0; path = APCreature; sourceTree = BUILT_PRODUCTS_DIR; };
		068F61DC1EB77AC90086E080 /* NSObject+APRandomNumbers.h */ = {isa = PBXFileReference; fileEncoding = 4; lastKnownFileType = sourcecode.c.h; path = "NSObject+APRandomNumbers.h"; sourceTree = "<group>"; };
		068F61DD1EB77AC90086E080 /* NSObject+APRandomNumbers.m */ = {isa = PBXFileReference; fileEncoding = 4; lastKnownFileType = sourcecode.c.objc; path = "NSObject+APRandomNumbers.m"; sourceTree = "<group>"; };
		068F61E91EB7E7F40086E080 /* NSObject+APObject.h */ = {isa = PBXFileReference; fileEncoding = 4; lastKnownFileType = sourcecode.c.h; path = "NSObject+APObject.h"; sourceTree = "<group>"; };
		068F61EA1EB7E7F40086E080 /* NSObject+APObject.m */ = {isa = PBXFileReference; fileEncoding = 4; lastKnownFileType = sourcecode.c.objc; path = "NSObject+APObject.m"; sourceTree = "<group>"; };
		068F61EE1EB7E8D90086E080 /* NSArray+APArray.h */ = {isa = PBXFileReference; fileEncoding = 4; lastKnownFileType = sourcecode.c.h; path = "NSArray+APArray.h"; sourceTree = "<group>"; };
		068F61EF1EB7E8D90086E080 /* NSArray+APArray.m */ = {isa = PBXFileReference; fileEncoding = 4; lastKnownFileType = sourcecode.c.objc; path = "NSArray+APArray.m"; sourceTree = "<group>"; };
		068F61F21EB8998C0086E080 /* APCarWashBuilding.h */ = {isa = PBXFileReference; fileEncoding = 4; lastKnownFileType = sourcecode.c.h; name = APCarWashBuilding.h; path = APCarWashBuilding/APCarWashBuilding.h; sourceTree = SOURCE_ROOT; };
		068F61F31EB8998C0086E080 /* APCarWashBuilding.m */ = {isa = PBXFileReference; fileEncoding = 4; lastKnownFileType = sourcecode.c.objc; name = APCarWashBuilding.m; path = APCarWashBuilding/APCarWashBuilding.m; sourceTree = SOURCE_ROOT; };
		068F61F61EB89B6A0086E080 /* APCarWashRoom.h */ = {isa = PBXFileReference; fileEncoding = 4; lastKnownFileType = sourcecode.c.h; name = APCarWashRoom.h; path = APCarWashRoom/APCarWashRoom.h; sourceTree = SOURCE_ROOT; };
		068F61F71EB89B6A0086E080 /* APCarWashRoom.m */ = {isa = PBXFileReference; fileEncoding = 4; lastKnownFileType = sourcecode.c.objc; name = APCarWashRoom.m; path = APCarWashRoom/APCarWashRoom.m; sourceTree = SOURCE_ROOT; };
		068F61F91EB8A2730086E080 /* APWorker.h */ = {isa = PBXFileReference; fileEncoding = 4; lastKnownFileType = sourcecode.c.h; name = APWorker.h; path = APCarWashRoom/APWorker.h; sourceTree = SOURCE_ROOT; };
		068F61FA1EB8A2730086E080 /* APWorker.m */ = {isa = PBXFileReference; fileEncoding = 4; lastKnownFileType = sourcecode.c.objc; name = APWorker.m; path = APCarWashRoom/APWorker.m; sourceTree = SOURCE_ROOT; };
		068F61FC1EB8A28E0086E080 /* APCar.h */ = {isa = PBXFileReference; fileEncoding = 4; lastKnownFileType = sourcecode.c.h; name = APCar.h; path = APCarWashRoom/APCar.h; sourceTree = SOURCE_ROOT; };
		068F61FD1EB8A28E0086E080 /* APCar.m */ = {isa = PBXFileReference; fileEncoding = 4; lastKnownFileType = sourcecode.c.objc; name = APCar.m; path = APCarWashRoom/APCar.m; sourceTree = SOURCE_ROOT; };
		068F62001EB8B3AD0086E080 /* APWosher.h */ = {isa = PBXFileReference; fileEncoding = 4; lastKnownFileType = sourcecode.c.h; name = APWosher.h; path = APWasher/APWosher.h; sourceTree = SOURCE_ROOT; };
		068F62011EB8B3AD0086E080 /* APWosher.m */ = {isa = PBXFileReference; fileEncoding = 4; lastKnownFileType = sourcecode.c.objc; name = APWosher.m; path = APWasher/APWosher.m; sourceTree = SOURCE_ROOT; };
		068F62041EB8B4320086E080 /* APAccountant.h */ = {isa = PBXFileReference; fileEncoding = 4; lastKnownFileType = sourcecode.c.h; name = APAccountant.h; path = APAccountant/APAccountant.h; sourceTree = SOURCE_ROOT; };
		068F62051EB8B4320086E080 /* APAccountant.m */ = {isa = PBXFileReference; fileEncoding = 4; lastKnownFileType = sourcecode.c.objc; name = APAccountant.m; path = APAccountant/APAccountant.m; sourceTree = SOURCE_ROOT; };
		068F62081EB8B4670086E080 /* APBoss.h */ = {isa = PBXFileReference; fileEncoding = 4; lastKnownFileType = sourcecode.c.h; path = APBoss.h; sourceTree = SOURCE_ROOT; };
		068F62091EB8B4670086E080 /* APBoss.m */ = {isa = PBXFileReference; fileEncoding = 4; lastKnownFileType = sourcecode.c.objc; path = APBoss.m; sourceTree = SOURCE_ROOT; };
		068F62101EB8DD790086E080 /* APMoneyTransfer.h */ = {isa = PBXFileReference; fileEncoding = 4; lastKnownFileType = sourcecode.c.h; path = APMoneyTransfer.h; sourceTree = "<group>"; };
		069C7B3C1EB140B400584B4B /* APCreature.h */ = {isa = PBXFileReference; fileEncoding = 4; lastKnownFileType = sourcecode.c.h; path = APCreature.h; sourceTree = "<group>"; };
		069C7B3D1EB140B400584B4B /* APCreature.m */ = {isa = PBXFileReference; fileEncoding = 4; lastKnownFileType = sourcecode.c.objc; path = APCreature.m; sourceTree = "<group>"; };
		069C7B3F1EB140B400584B4B /* APCreatureTests.h */ = {isa = PBXFileReference; fileEncoding = 4; lastKnownFileType = sourcecode.c.h; path = APCreatureTests.h; sourceTree = "<group>"; };
		069C7B401EB140B400584B4B /* APCreatureTests.m */ = {isa = PBXFileReference; fileEncoding = 4; lastKnownFileType = sourcecode.c.objc; path = APCreatureTests.m; sourceTree = "<group>"; };
		069C7B421EB140B400584B4B /* APCreatureFemale.h */ = {isa = PBXFileReference; fileEncoding = 4; lastKnownFileType = sourcecode.c.h; path = APCreatureFemale.h; sourceTree = "<group>"; };
		069C7B431EB140B400584B4B /* APCreatureFemale.m */ = {isa = PBXFileReference; fileEncoding = 4; lastKnownFileType = sourcecode.c.objc; path = APCreatureFemale.m; sourceTree = "<group>"; };
		069C7B451EB140B400584B4B /* APCreatureMale.h */ = {isa = PBXFileReference; fileEncoding = 4; lastKnownFileType = sourcecode.c.h; path = APCreatureMale.h; sourceTree = "<group>"; };
		069C7B461EB140B400584B4B /* APCreatureMale.m */ = {isa = PBXFileReference; fileEncoding = 4; lastKnownFileType = sourcecode.c.objc; path = APCreatureMale.m; sourceTree = "<group>"; };
		069C7B4B1EB140B400584B4B /* main.m */ = {isa = PBXFileReference; fileEncoding = 4; lastKnownFileType = sourcecode.c.objc; path = main.m; sourceTree = "<group>"; };
		069C7B6B1EB3DDF600584B4B /* APCarWashTest.h */ = {isa = PBXFileReference; fileEncoding = 4; lastKnownFileType = sourcecode.c.h; path = APCarWashTest.h; sourceTree = "<group>"; };
		069C7B6C1EB3DDF600584B4B /* APCarWashTest.m */ = {isa = PBXFileReference; fileEncoding = 4; lastKnownFileType = sourcecode.c.objc; path = APCarWashTest.m; sourceTree = "<group>"; };
		069C7B721EB485D200584B4B /* APRoom.h */ = {isa = PBXFileReference; fileEncoding = 4; lastKnownFileType = sourcecode.c.h; name = APRoom.h; path = APCreature/APCarWashProject/APRoom/APRoom.h; sourceTree = SOURCE_ROOT; };
		069C7B731EB485D200584B4B /* APRoom.m */ = {isa = PBXFileReference; fileEncoding = 4; lastKnownFileType = sourcecode.c.objc; name = APRoom.m; path = APCreature/APCarWashProject/APRoom/APRoom.m; sourceTree = SOURCE_ROOT; };
		069C7B751EB4908700584B4B /* APBuilding.h */ = {isa = PBXFileReference; fileEncoding = 4; lastKnownFileType = sourcecode.c.h; name = APBuilding.h; path = APCreature/APCarWashProject/APBuilding/APBuilding.h; sourceTree = SOURCE_ROOT; };
		069C7B761EB4908700584B4B /* APBuilding.m */ = {isa = PBXFileReference; fileEncoding = 4; lastKnownFileType = sourcecode.c.objc; name = APBuilding.m; path = APCreature/APCarWashProject/APBuilding/APBuilding.m; sourceTree = SOURCE_ROOT; };
/* End PBXFileReference section */

/* Begin PBXFrameworksBuildPhase section */
		0644E0381EAA471000C5F33C /* Frameworks */ = {
			isa = PBXFrameworksBuildPhase;
			buildActionMask = 2147483647;
			files = (
			);
			runOnlyForDeploymentPostprocessing = 0;
		};
/* End PBXFrameworksBuildPhase section */

/* Begin PBXGroup section */
		0644E0321EAA471000C5F33C = {
			isa = PBXGroup;
			children = (
				069C7B391EB140B400584B4B /* APCreature */,
				0644E03C1EAA471000C5F33C /* Products */,
			);
			sourceTree = "<group>";
		};
		0644E03C1EAA471000C5F33C /* Products */ = {
			isa = PBXGroup;
			children = (
				0644E03B1EAA471000C5F33C /* APCreature */,
			);
			name = Products;
			sourceTree = "<group>";
		};
		068F61DB1EB77AC90086E080 /* APRandomNumbers */ = {
			isa = PBXGroup;
			children = (
				068F61DC1EB77AC90086E080 /* NSObject+APRandomNumbers.h */,
				068F61DD1EB77AC90086E080 /* NSObject+APRandomNumbers.m */,
			);
			path = APRandomNumbers;
			sourceTree = "<group>";
		};
		068F61E61EB7E7F40086E080 /* Categories */ = {
			isa = PBXGroup;
			children = (
				068F61E91EB7E7F40086E080 /* NSObject+APObject.h */,
				068F61EA1EB7E7F40086E080 /* NSObject+APObject.m */,
				068F61EE1EB7E8D90086E080 /* NSArray+APArray.h */,
				068F61EF1EB7E8D90086E080 /* NSArray+APArray.m */,
			);
			path = Categories;
			sourceTree = "<group>";
		};
		068F61F11EB898E10086E080 /* APCarWashBuilding */ = {
			isa = PBXGroup;
			children = (
				068F61F21EB8998C0086E080 /* APCarWashBuilding.h */,
				068F61F31EB8998C0086E080 /* APCarWashBuilding.m */,
			);
			path = APCarWashBuilding;
			sourceTree = "<group>";
		};
		068F61F51EB89B140086E080 /* APCarWashRoom */ = {
			isa = PBXGroup;
			children = (
				068F61F61EB89B6A0086E080 /* APCarWashRoom.h */,
				068F61F71EB89B6A0086E080 /* APCarWashRoom.m */,
			);
			path = APCarWashRoom;
			sourceTree = "<group>";
		};
		068F61FF1EB8B3600086E080 /* APWasher */ = {
			isa = PBXGroup;
			children = (
				068F62001EB8B3AD0086E080 /* APWosher.h */,
				068F62011EB8B3AD0086E080 /* APWosher.m */,
			);
			path = APWasher;
			sourceTree = "<group>";
		};
		068F62031EB8B3B90086E080 /* APAccountant */ = {
			isa = PBXGroup;
			children = (
				068F62041EB8B4320086E080 /* APAccountant.h */,
				068F62051EB8B4320086E080 /* APAccountant.m */,
			);
			path = APAccountant;
			sourceTree = "<group>";
		};
		068F62071EB8B44E0086E080 /* APBoss */ = {
			isa = PBXGroup;
			children = (
				068F62081EB8B4670086E080 /* APBoss.h */,
				068F62091EB8B4670086E080 /* APBoss.m */,
			);
			name = APBoss;
			sourceTree = "<group>";
		};
		069C7B391EB140B400584B4B /* APCreature */ = {
			isa = PBXGroup;
			children = (
				068F61E61EB7E7F40086E080 /* Categories */,
				068F61DB1EB77AC90086E080 /* APRandomNumbers */,
				069C7B521EB1417700584B4B /* APCarWashProject */,
				069C7B3A1EB140B400584B4B /* APCreatureProject */,
				069C7B4B1EB140B400584B4B /* main.m */,
			);
			path = APCreature;
			sourceTree = "<group>";
		};
		069C7B3A1EB140B400584B4B /* APCreatureProject */ = {
			isa = PBXGroup;
			children = (
				069C7B3B1EB140B400584B4B /* APCreature */,
				069C7B3E1EB140B400584B4B /* APCreatureTests */,
				069C7B411EB140B400584B4B /* APFemale */,
				069C7B441EB140B400584B4B /* APMale */,
			);
			path = APCreatureProject;
			sourceTree = "<group>";
		};
		069C7B3B1EB140B400584B4B /* APCreature */ = {
			isa = PBXGroup;
			children = (
				069C7B3C1EB140B400584B4B /* APCreature.h */,
				069C7B3D1EB140B400584B4B /* APCreature.m */,
			);
			path = APCreature;
			sourceTree = "<group>";
		};
		069C7B3E1EB140B400584B4B /* APCreatureTests */ = {
			isa = PBXGroup;
			children = (
				069C7B3F1EB140B400584B4B /* APCreatureTests.h */,
				069C7B401EB140B400584B4B /* APCreatureTests.m */,
			);
			path = APCreatureTests;
			sourceTree = "<group>";
		};
		069C7B411EB140B400584B4B /* APFemale */ = {
			isa = PBXGroup;
			children = (
				069C7B421EB140B400584B4B /* APCreatureFemale.h */,
				069C7B431EB140B400584B4B /* APCreatureFemale.m */,
			);
			path = APFemale;
			sourceTree = "<group>";
		};
		069C7B441EB140B400584B4B /* APMale */ = {
			isa = PBXGroup;
			children = (
				069C7B451EB140B400584B4B /* APCreatureMale.h */,
				069C7B461EB140B400584B4B /* APCreatureMale.m */,
			);
			path = APMale;
			sourceTree = "<group>";
		};
		069C7B521EB1417700584B4B /* APCarWashProject */ = {
			isa = PBXGroup;
			children = (
				069C7B6E1EB40A3300584B4B /* APRoom */,
				069C7B671EB3DB4C00584B4B /* APCar */,
				069C7B661EB3DAC500584B4B /* APWorker */,
				069C7B651EB3D72200584B4B /* APBuilding */,
				069C7B531EB1438A00584B4B /* APCarWashTest */,
				068F62101EB8DD790086E080 /* APMoneyTransfer.h */,
			);
			path = APCarWashProject;
			sourceTree = "<group>";
		};
		069C7B531EB1438A00584B4B /* APCarWashTest */ = {
			isa = PBXGroup;
			children = (
				069C7B6B1EB3DDF600584B4B /* APCarWashTest.h */,
				069C7B6C1EB3DDF600584B4B /* APCarWashTest.m */,
			);
			path = APCarWashTest;
			sourceTree = "<group>";
		};
		069C7B651EB3D72200584B4B /* APBuilding */ = {
			isa = PBXGroup;
			children = (
				068F61F11EB898E10086E080 /* APCarWashBuilding */,
				069C7B751EB4908700584B4B /* APBuilding.h */,
				069C7B761EB4908700584B4B /* APBuilding.m */,
			);
			name = APBuilding;
			path = Building;
			sourceTree = "<group>";
		};
		069C7B661EB3DAC500584B4B /* APWorker */ = {
			isa = PBXGroup;
			children = (
				068F62071EB8B44E0086E080 /* APBoss */,
				068F62031EB8B3B90086E080 /* APAccountant */,
				068F61FF1EB8B3600086E080 /* APWasher */,
				068F61F91EB8A2730086E080 /* APWorker.h */,
				068F61FA1EB8A2730086E080 /* APWorker.m */,
			);
			name = APWorker;
			path = APWorkers;
			sourceTree = "<group>";
		};
		069C7B671EB3DB4C00584B4B /* APCar */ = {
			isa = PBXGroup;
			children = (
				068F61FC1EB8A28E0086E080 /* APCar.h */,
				068F61FD1EB8A28E0086E080 /* APCar.m */,
			);
			name = APCar;
			path = APCars;
			sourceTree = "<group>";
		};
		069C7B6E1EB40A3300584B4B /* APRoom */ = {
			isa = PBXGroup;
			children = (
				068F61F51EB89B140086E080 /* APCarWashRoom */,
				069C7B721EB485D200584B4B /* APRoom.h */,
				069C7B731EB485D200584B4B /* APRoom.m */,
			);
			name = APRoom;
			path = APRooms;
			sourceTree = "<group>";
		};
/* End PBXGroup section */

/* Begin PBXNativeTarget section */
		0644E03A1EAA471000C5F33C /* APCreature */ = {
			isa = PBXNativeTarget;
			buildConfigurationList = 0644E0421EAA471000C5F33C /* Build configuration list for PBXNativeTarget "APCreature" */;
			buildPhases = (
				0644E0371EAA471000C5F33C /* Sources */,
				0644E0381EAA471000C5F33C /* Frameworks */,
				0644E0391EAA471000C5F33C /* CopyFiles */,
			);
			buildRules = (
			);
			dependencies = (
			);
			name = APCreature;
			productName = APCreature;
			productReference = 0644E03B1EAA471000C5F33C /* APCreature */;
			productType = "com.apple.product-type.tool";
		};
/* End PBXNativeTarget section */

/* Begin PBXProject section */
		0644E0331EAA471000C5F33C /* Project object */ = {
			isa = PBXProject;
			attributes = {
				LastUpgradeCheck = 0830;
				ORGANIZATIONNAME = "Aleksandr Poliakov";
				TargetAttributes = {
					0644E03A1EAA471000C5F33C = {
						CreatedOnToolsVersion = 8.3.2;
						DevelopmentTeam = VA3GS9K36G;
						ProvisioningStyle = Automatic;
					};
				};
			};
			buildConfigurationList = 0644E0361EAA471000C5F33C /* Build configuration list for PBXProject "APCreature" */;
			compatibilityVersion = "Xcode 3.2";
			developmentRegion = English;
			hasScannedForEncodings = 0;
			knownRegions = (
				en,
			);
			mainGroup = 0644E0321EAA471000C5F33C;
			productRefGroup = 0644E03C1EAA471000C5F33C /* Products */;
			projectDirPath = "";
			projectRoot = "";
			targets = (
				0644E03A1EAA471000C5F33C /* APCreature */,
			);
		};
/* End PBXProject section */

/* Begin PBXSourcesBuildPhase section */
		0644E0371EAA471000C5F33C /* Sources */ = {
			isa = PBXSourcesBuildPhase;
			buildActionMask = 2147483647;
			files = (
				068F61FE1EB8A28E0086E080 /* APCar.m in Sources */,
				069C7B771EB4908700584B4B /* APBuilding.m in Sources */,
				069C7B4E1EB140B400584B4B /* APCreatureFemale.m in Sources */,
				068F61FB1EB8A2730086E080 /* APWorker.m in Sources */,
				068F61F01EB7E8D90086E080 /* NSArray+APArray.m in Sources */,
				069C7B4C1EB140B400584B4B /* APCreature.m in Sources */,
				069C7B4F1EB140B400584B4B /* APCreatureMale.m in Sources */,
				068F61F81EB89B6A0086E080 /* APCarWashRoom.m in Sources */,
				069C7B6D1EB3DDF600584B4B /* APCarWashTest.m in Sources */,
				068F61DE1EB77AC90086E080 /* NSObject+APRandomNumbers.m in Sources */,
				069C7B511EB140B400584B4B /* main.m in Sources */,
				068F62061EB8B4320086E080 /* APAccountant.m in Sources */,
				069C7B741EB485D200584B4B /* APRoom.m in Sources */,
				068F61EC1EB7E7F40086E080 /* NSObject+APObject.m in Sources */,
				068F61F41EB8998C0086E080 /* APCarWashBuilding.m in Sources */,
				068F62021EB8B3AD0086E080 /* APWosher.m in Sources */,
				069C7B4D1EB140B400584B4B /* APCreatureTests.m in Sources */,
				068F620A1EB8B4670086E080 /* APBoss.m in Sources */,
			);
			runOnlyForDeploymentPostprocessing = 0;
		};
/* End PBXSourcesBuildPhase section */

/* Begin XCBuildConfiguration section */
		0644E0401EAA471000C5F33C /* Debug */ = {
			isa = XCBuildConfiguration;
			buildSettings = {
				ALWAYS_SEARCH_USER_PATHS = NO;
				CLANG_ANALYZER_NONNULL = YES;
				CLANG_ANALYZER_NUMBER_OBJECT_CONVERSION = YES_AGGRESSIVE;
				CLANG_CXX_LANGUAGE_STANDARD = "gnu++0x";
				CLANG_CXX_LIBRARY = "libc++";
				CLANG_ENABLE_MODULES = YES;
				CLANG_ENABLE_OBJC_ARC = YES;
				CLANG_WARN_BOOL_CONVERSION = YES;
				CLANG_WARN_CONSTANT_CONVERSION = YES;
				CLANG_WARN_DIRECT_OBJC_ISA_USAGE = YES_ERROR;
				CLANG_WARN_DOCUMENTATION_COMMENTS = YES;
				CLANG_WARN_EMPTY_BODY = YES;
				CLANG_WARN_ENUM_CONVERSION = YES;
				CLANG_WARN_INFINITE_RECURSION = YES;
				CLANG_WARN_INT_CONVERSION = YES;
				CLANG_WARN_OBJC_ROOT_CLASS = YES_ERROR;
				CLANG_WARN_SUSPICIOUS_MOVE = YES;
				CLANG_WARN_UNREACHABLE_CODE = YES;
				CLANG_WARN__DUPLICATE_METHOD_MATCH = YES;
				CODE_SIGN_IDENTITY = "-";
				COPY_PHASE_STRIP = NO;
				DEBUG_INFORMATION_FORMAT = dwarf;
				ENABLE_STRICT_OBJC_MSGSEND = YES;
				ENABLE_TESTABILITY = YES;
				GCC_C_LANGUAGE_STANDARD = gnu99;
				GCC_DYNAMIC_NO_PIC = NO;
				GCC_NO_COMMON_BLOCKS = YES;
				GCC_OPTIMIZATION_LEVEL = 0;
				GCC_PREPROCESSOR_DEFINITIONS = (
					"DEBUG=1",
					"$(inherited)",
				);
				GCC_WARN_64_TO_32_BIT_CONVERSION = YES;
				GCC_WARN_ABOUT_RETURN_TYPE = YES_ERROR;
				GCC_WARN_UNDECLARED_SELECTOR = YES;
				GCC_WARN_UNINITIALIZED_AUTOS = YES_AGGRESSIVE;
				GCC_WARN_UNUSED_FUNCTION = YES;
				GCC_WARN_UNUSED_VARIABLE = YES;
				MACOSX_DEPLOYMENT_TARGET = 10.12;
				MTL_ENABLE_DEBUG_INFO = YES;
				ONLY_ACTIVE_ARCH = YES;
				SDKROOT = macosx;
			};
			name = Debug;
		};
		0644E0411EAA471000C5F33C /* Release */ = {
			isa = XCBuildConfiguration;
			buildSettings = {
				ALWAYS_SEARCH_USER_PATHS = NO;
				CLANG_ANALYZER_NONNULL = YES;
				CLANG_ANALYZER_NUMBER_OBJECT_CONVERSION = YES_AGGRESSIVE;
				CLANG_CXX_LANGUAGE_STANDARD = "gnu++0x";
				CLANG_CXX_LIBRARY = "libc++";
				CLANG_ENABLE_MODULES = YES;
				CLANG_ENABLE_OBJC_ARC = YES;
				CLANG_WARN_BOOL_CONVERSION = YES;
				CLANG_WARN_CONSTANT_CONVERSION = YES;
				CLANG_WARN_DIRECT_OBJC_ISA_USAGE = YES_ERROR;
				CLANG_WARN_DOCUMENTATION_COMMENTS = YES;
				CLANG_WARN_EMPTY_BODY = YES;
				CLANG_WARN_ENUM_CONVERSION = YES;
				CLANG_WARN_INFINITE_RECURSION = YES;
				CLANG_WARN_INT_CONVERSION = YES;
				CLANG_WARN_OBJC_ROOT_CLASS = YES_ERROR;
				CLANG_WARN_SUSPICIOUS_MOVE = YES;
				CLANG_WARN_UNREACHABLE_CODE = YES;
				CLANG_WARN__DUPLICATE_METHOD_MATCH = YES;
				CODE_SIGN_IDENTITY = "-";
				COPY_PHASE_STRIP = NO;
				DEBUG_INFORMATION_FORMAT = "dwarf-with-dsym";
				ENABLE_NS_ASSERTIONS = NO;
				ENABLE_STRICT_OBJC_MSGSEND = YES;
				GCC_C_LANGUAGE_STANDARD = gnu99;
				GCC_NO_COMMON_BLOCKS = YES;
				GCC_WARN_64_TO_32_BIT_CONVERSION = YES;
				GCC_WARN_ABOUT_RETURN_TYPE = YES_ERROR;
				GCC_WARN_UNDECLARED_SELECTOR = YES;
				GCC_WARN_UNINITIALIZED_AUTOS = YES_AGGRESSIVE;
				GCC_WARN_UNUSED_FUNCTION = YES;
				GCC_WARN_UNUSED_VARIABLE = YES;
				MACOSX_DEPLOYMENT_TARGET = 10.12;
				MTL_ENABLE_DEBUG_INFO = NO;
				SDKROOT = macosx;
			};
			name = Release;
		};
		0644E0431EAA471000C5F33C /* Debug */ = {
			isa = XCBuildConfiguration;
			buildSettings = {
				CLANG_ENABLE_OBJC_ARC = NO;
				DEVELOPMENT_TEAM = VA3GS9K36G;
				MACOSX_DEPLOYMENT_TARGET = 10.11;
				PRODUCT_NAME = "$(TARGET_NAME)";
			};
			name = Debug;
		};
		0644E0441EAA471000C5F33C /* Release */ = {
			isa = XCBuildConfiguration;
			buildSettings = {
				CLANG_ENABLE_OBJC_ARC = NO;
				DEVELOPMENT_TEAM = VA3GS9K36G;
				MACOSX_DEPLOYMENT_TARGET = 10.11;
				PRODUCT_NAME = "$(TARGET_NAME)";
			};
			name = Release;
		};
/* End XCBuildConfiguration section */

/* Begin XCConfigurationList section */
		0644E0361EAA471000C5F33C /* Build configuration list for PBXProject "APCreature" */ = {
			isa = XCConfigurationList;
			buildConfigurations = (
				0644E0401EAA471000C5F33C /* Debug */,
				0644E0411EAA471000C5F33C /* Release */,
			);
			defaultConfigurationIsVisible = 0;
			defaultConfigurationName = Release;
		};
		0644E0421EAA471000C5F33C /* Build configuration list for PBXNativeTarget "APCreature" */ = {
			isa = XCConfigurationList;
			buildConfigurations = (
				0644E0431EAA471000C5F33C /* Debug */,
				0644E0441EAA471000C5F33C /* Release */,
			);
			defaultConfigurationIsVisible = 0;
			defaultConfigurationName = Release;
		};
/* End XCConfigurationList section */
	};
	rootObject = 0644E0331EAA471000C5F33C /* Project object */;
}
