// !$*UTF8*$!
{
	archiveVersion = 1;
	classes = {
	};
	objectVersion = 46;
	objects = {

/* Begin PBXBuildFile section */
		06F65EBE1ED8E350003F0E8A /* APBuilding.m in Sources */ = {isa = PBXBuildFile; fileRef = 06F65E781ED8E350003F0E8A /* APBuilding.m */; };
		06F65EBF1ED8E350003F0E8A /* APBuilding.m in Sources */ = {isa = PBXBuildFile; fileRef = 06F65E781ED8E350003F0E8A /* APBuilding.m */; settings = {COMPILER_FLAGS = "-fno-objc-arc"; }; };
		06F65EC01ED8E350003F0E8A /* APCar.m in Sources */ = {isa = PBXBuildFile; fileRef = 06F65E7B1ED8E350003F0E8A /* APCar.m */; };
		06F65EC11ED8E350003F0E8A /* APCar.m in Sources */ = {isa = PBXBuildFile; fileRef = 06F65E7B1ED8E350003F0E8A /* APCar.m */; settings = {COMPILER_FLAGS = "-fno-objc-arc"; }; };
		06F65EC21ED8E350003F0E8A /* APCarWashEnterprise.m in Sources */ = {isa = PBXBuildFile; fileRef = 06F65E7E1ED8E350003F0E8A /* APCarWashEnterprise.m */; };
		06F65EC31ED8E350003F0E8A /* APCarWashEnterprise.m in Sources */ = {isa = PBXBuildFile; fileRef = 06F65E7E1ED8E350003F0E8A /* APCarWashEnterprise.m */; settings = {COMPILER_FLAGS = "-fno-objc-arc"; }; };
		06F65EC41ED8E350003F0E8A /* APCarWashTest.m in Sources */ = {isa = PBXBuildFile; fileRef = 06F65E811ED8E350003F0E8A /* APCarWashTest.m */; };
		06F65EC51ED8E350003F0E8A /* APCarWashTest.m in Sources */ = {isa = PBXBuildFile; fileRef = 06F65E811ED8E350003F0E8A /* APCarWashTest.m */; settings = {COMPILER_FLAGS = "-fno-objc-arc"; }; };
		06F65EC61ED8E350003F0E8A /* APQueue.m in Sources */ = {isa = PBXBuildFile; fileRef = 06F65E851ED8E350003F0E8A /* APQueue.m */; };
		06F65EC71ED8E350003F0E8A /* APQueue.m in Sources */ = {isa = PBXBuildFile; fileRef = 06F65E851ED8E350003F0E8A /* APQueue.m */; settings = {COMPILER_FLAGS = "-fno-objc-arc"; }; };
		06F65EC81ED8E350003F0E8A /* APCarWashRoom.m in Sources */ = {isa = PBXBuildFile; fileRef = 06F65E891ED8E350003F0E8A /* APCarWashRoom.m */; };
		06F65EC91ED8E350003F0E8A /* APCarWashRoom.m in Sources */ = {isa = PBXBuildFile; fileRef = 06F65E891ED8E350003F0E8A /* APCarWashRoom.m */; settings = {COMPILER_FLAGS = "-fno-objc-arc"; }; };
		06F65ECA1ED8E350003F0E8A /* APRoom.m in Sources */ = {isa = PBXBuildFile; fileRef = 06F65E8B1ED8E350003F0E8A /* APRoom.m */; };
		06F65ECB1ED8E350003F0E8A /* APRoom.m in Sources */ = {isa = PBXBuildFile; fileRef = 06F65E8B1ED8E350003F0E8A /* APRoom.m */; settings = {COMPILER_FLAGS = "-fno-objc-arc"; }; };
		06F65ECC1ED8E350003F0E8A /* APAccountant.m in Sources */ = {isa = PBXBuildFile; fileRef = 06F65E8F1ED8E350003F0E8A /* APAccountant.m */; };
		06F65ECD1ED8E350003F0E8A /* APAccountant.m in Sources */ = {isa = PBXBuildFile; fileRef = 06F65E8F1ED8E350003F0E8A /* APAccountant.m */; settings = {COMPILER_FLAGS = "-fno-objc-arc"; }; };
		06F65ECE1ED8E350003F0E8A /* APBoss.m in Sources */ = {isa = PBXBuildFile; fileRef = 06F65E921ED8E350003F0E8A /* APBoss.m */; };
		06F65ECF1ED8E350003F0E8A /* APBoss.m in Sources */ = {isa = PBXBuildFile; fileRef = 06F65E921ED8E350003F0E8A /* APBoss.m */; settings = {COMPILER_FLAGS = "-fno-objc-arc"; }; };
		06F65ED01ED8E350003F0E8A /* APWasher.m in Sources */ = {isa = PBXBuildFile; fileRef = 06F65E951ED8E350003F0E8A /* APWasher.m */; };
		06F65ED11ED8E350003F0E8A /* APWasher.m in Sources */ = {isa = PBXBuildFile; fileRef = 06F65E951ED8E350003F0E8A /* APWasher.m */; settings = {COMPILER_FLAGS = "-fno-objc-arc"; }; };
		06F65ED21ED8E350003F0E8A /* APWorker.m in Sources */ = {isa = PBXBuildFile; fileRef = 06F65E971ED8E350003F0E8A /* APWorker.m */; };
		06F65ED31ED8E350003F0E8A /* APWorker.m in Sources */ = {isa = PBXBuildFile; fileRef = 06F65E971ED8E350003F0E8A /* APWorker.m */; settings = {COMPILER_FLAGS = "-fno-objc-arc"; }; };
		06F65ED41ED8E350003F0E8A /* APRandomStringTest.m in Sources */ = {isa = PBXBuildFile; fileRef = 06F65E9A1ED8E350003F0E8A /* APRandomStringTest.m */; };
		06F65ED51ED8E350003F0E8A /* APRandomStringTest.m in Sources */ = {isa = PBXBuildFile; fileRef = 06F65E9A1ED8E350003F0E8A /* APRandomStringTest.m */; settings = {COMPILER_FLAGS = "-fno-objc-arc"; }; };
		06F65ED61ED8E350003F0E8A /* APCreature.m in Sources */ = {isa = PBXBuildFile; fileRef = 06F65E9E1ED8E350003F0E8A /* APCreature.m */; };
		06F65ED71ED8E350003F0E8A /* APCreature.m in Sources */ = {isa = PBXBuildFile; fileRef = 06F65E9E1ED8E350003F0E8A /* APCreature.m */; settings = {COMPILER_FLAGS = "-fno-objc-arc"; }; };
		06F65ED81ED8E350003F0E8A /* APCreatureTests.m in Sources */ = {isa = PBXBuildFile; fileRef = 06F65EA11ED8E350003F0E8A /* APCreatureTests.m */; };
		06F65ED91ED8E350003F0E8A /* APCreatureTests.m in Sources */ = {isa = PBXBuildFile; fileRef = 06F65EA11ED8E350003F0E8A /* APCreatureTests.m */; settings = {COMPILER_FLAGS = "-fno-objc-arc"; }; };
		06F65EDA1ED8E350003F0E8A /* APCreatureFemale.m in Sources */ = {isa = PBXBuildFile; fileRef = 06F65EA41ED8E350003F0E8A /* APCreatureFemale.m */; };
		06F65EDB1ED8E350003F0E8A /* APCreatureFemale.m in Sources */ = {isa = PBXBuildFile; fileRef = 06F65EA41ED8E350003F0E8A /* APCreatureFemale.m */; settings = {COMPILER_FLAGS = "-fno-objc-arc"; }; };
		06F65EDC1ED8E350003F0E8A /* APCreatureMale.m in Sources */ = {isa = PBXBuildFile; fileRef = 06F65EA71ED8E350003F0E8A /* APCreatureMale.m */; };
		06F65EDD1ED8E350003F0E8A /* APCreatureMale.m in Sources */ = {isa = PBXBuildFile; fileRef = 06F65EA71ED8E350003F0E8A /* APCreatureMale.m */; settings = {COMPILER_FLAGS = "-fno-objc-arc"; }; };
		06F65EDE1ED8E350003F0E8A /* NSObject+APRandomNumbers.m in Sources */ = {isa = PBXBuildFile; fileRef = 06F65EAB1ED8E350003F0E8A /* NSObject+APRandomNumbers.m */; };
		06F65EDF1ED8E350003F0E8A /* NSObject+APRandomNumbers.m in Sources */ = {isa = PBXBuildFile; fileRef = 06F65EAB1ED8E350003F0E8A /* NSObject+APRandomNumbers.m */; settings = {COMPILER_FLAGS = "-fno-objc-arc"; }; };
		06F65EE01ED8E350003F0E8A /* NSArray+APExtensions.m in Sources */ = {isa = PBXBuildFile; fileRef = 06F65EAE1ED8E350003F0E8A /* NSArray+APExtensions.m */; };
		06F65EE11ED8E350003F0E8A /* NSArray+APExtensions.m in Sources */ = {isa = PBXBuildFile; fileRef = 06F65EAE1ED8E350003F0E8A /* NSArray+APExtensions.m */; settings = {COMPILER_FLAGS = "-fno-objc-arc"; }; };
		06F65EE21ED8E350003F0E8A /* NSObject+APObject.m in Sources */ = {isa = PBXBuildFile; fileRef = 06F65EB01ED8E350003F0E8A /* NSObject+APObject.m */; };
		06F65EE31ED8E350003F0E8A /* NSObject+APObject.m in Sources */ = {isa = PBXBuildFile; fileRef = 06F65EB01ED8E350003F0E8A /* NSObject+APObject.m */; settings = {COMPILER_FLAGS = "-fno-objc-arc"; }; };
		06F65EE41ED8E350003F0E8A /* APAlphabet.m in Sources */ = {isa = PBXBuildFile; fileRef = 06F65EB31ED8E350003F0E8A /* APAlphabet.m */; };
		06F65EE51ED8E350003F0E8A /* APAlphabet.m in Sources */ = {isa = PBXBuildFile; fileRef = 06F65EB31ED8E350003F0E8A /* APAlphabet.m */; settings = {COMPILER_FLAGS = "-fno-objc-arc"; }; };
		06F65EE61ED8E350003F0E8A /* NSString+APExtensions.m in Sources */ = {isa = PBXBuildFile; fileRef = 06F65EB51ED8E350003F0E8A /* NSString+APExtensions.m */; };
		06F65EE71ED8E350003F0E8A /* NSString+APExtensions.m in Sources */ = {isa = PBXBuildFile; fileRef = 06F65EB51ED8E350003F0E8A /* NSString+APExtensions.m */; settings = {COMPILER_FLAGS = "-fno-objc-arc"; }; };
		06F65EE81ED8E350003F0E8A /* APClasterAlphabet.m in Sources */ = {isa = PBXBuildFile; fileRef = 06F65EB81ED8E350003F0E8A /* APClasterAlphabet.m */; };
		06F65EE91ED8E350003F0E8A /* APClasterAlphabet.m in Sources */ = {isa = PBXBuildFile; fileRef = 06F65EB81ED8E350003F0E8A /* APClasterAlphabet.m */; settings = {COMPILER_FLAGS = "-fno-objc-arc"; }; };
		06F65EEA1ED8E350003F0E8A /* APRangeAlphabet.m in Sources */ = {isa = PBXBuildFile; fileRef = 06F65EBA1ED8E350003F0E8A /* APRangeAlphabet.m */; };
		06F65EEB1ED8E350003F0E8A /* APRangeAlphabet.m in Sources */ = {isa = PBXBuildFile; fileRef = 06F65EBA1ED8E350003F0E8A /* APRangeAlphabet.m */; settings = {COMPILER_FLAGS = "-fno-objc-arc"; }; };
		06F65EEC1ED8E350003F0E8A /* APStringsAlphabet.m in Sources */ = {isa = PBXBuildFile; fileRef = 06F65EBC1ED8E350003F0E8A /* APStringsAlphabet.m */; };
		06F65EED1ED8E350003F0E8A /* APStringsAlphabet.m in Sources */ = {isa = PBXBuildFile; fileRef = 06F65EBC1ED8E350003F0E8A /* APStringsAlphabet.m */; settings = {COMPILER_FLAGS = "-fno-objc-arc"; }; };
		06F65EEE1ED8E350003F0E8A /* main.m in Sources */ = {isa = PBXBuildFile; fileRef = 06F65EBD1ED8E350003F0E8A /* main.m */; };
		06F65EF21ED8FFEB003F0E8A /* APAlphabetSpec.m in Sources */ = {isa = PBXBuildFile; fileRef = 06F65EF11ED8FFEB003F0E8A /* APAlphabetSpec.m */; settings = {COMPILER_FLAGS = "-fno-objc-arc"; }; };
		2520B80A5F936141E5A49E7F /* libPods-ObjCTests.a in Frameworks */ = {isa = PBXBuildFile; fileRef = 97337F1738F91F03A57F4B1B /* libPods-ObjCTests.a */; };
/* End PBXBuildFile section */

/* Begin PBXCopyFilesBuildPhase section */
		0644E0391EAA471000C5F33C /* CopyFiles */ = {
			isa = PBXCopyFilesBuildPhase;
			buildActionMask = 2147483647;
			dstPath = /usr/share/man/man1/;
			dstSubfolderSpec = 0;
			files = (
			);
			runOnlyForDeploymentPostprocessing = 1;
		};
/* End PBXCopyFilesBuildPhase section */

/* Begin PBXFileReference section */
		0644E03B1EAA471000C5F33C /* APCreature */ = {isa = PBXFileReference; explicitFileType = "compiled.mach-o.executable"; includeInIndex = 0; path = APCreature; sourceTree = BUILT_PRODUCTS_DIR; };
		06F65E6C1ED8E291003F0E8A /* ObjCTests.xctest */ = {isa = PBXFileReference; explicitFileType = wrapper.cfbundle; includeInIndex = 0; path = ObjCTests.xctest; sourceTree = BUILT_PRODUCTS_DIR; };
		06F65E701ED8E291003F0E8A /* Info.plist */ = {isa = PBXFileReference; lastKnownFileType = text.plist.xml; path = Info.plist; sourceTree = "<group>"; };
		06F65E771ED8E350003F0E8A /* APBuilding.h */ = {isa = PBXFileReference; fileEncoding = 4; lastKnownFileType = sourcecode.c.h; path = APBuilding.h; sourceTree = "<group>"; };
		06F65E781ED8E350003F0E8A /* APBuilding.m */ = {isa = PBXFileReference; fileEncoding = 4; lastKnownFileType = sourcecode.c.objc; path = APBuilding.m; sourceTree = "<group>"; };
		06F65E7A1ED8E350003F0E8A /* APCar.h */ = {isa = PBXFileReference; fileEncoding = 4; lastKnownFileType = sourcecode.c.h; path = APCar.h; sourceTree = "<group>"; };
		06F65E7B1ED8E350003F0E8A /* APCar.m */ = {isa = PBXFileReference; fileEncoding = 4; lastKnownFileType = sourcecode.c.objc; path = APCar.m; sourceTree = "<group>"; };
		06F65E7D1ED8E350003F0E8A /* APCarWashEnterprise.h */ = {isa = PBXFileReference; fileEncoding = 4; lastKnownFileType = sourcecode.c.h; path = APCarWashEnterprise.h; sourceTree = "<group>"; };
		06F65E7E1ED8E350003F0E8A /* APCarWashEnterprise.m */ = {isa = PBXFileReference; fileEncoding = 4; lastKnownFileType = sourcecode.c.objc; path = APCarWashEnterprise.m; sourceTree = "<group>"; };
		06F65E801ED8E350003F0E8A /* APCarWashTest.h */ = {isa = PBXFileReference; fileEncoding = 4; lastKnownFileType = sourcecode.c.h; path = APCarWashTest.h; sourceTree = "<group>"; };
		06F65E811ED8E350003F0E8A /* APCarWashTest.m */ = {isa = PBXFileReference; fileEncoding = 4; lastKnownFileType = sourcecode.c.objc; path = APCarWashTest.m; sourceTree = "<group>"; };
		06F65E821ED8E350003F0E8A /* APMoneyTransfer.h */ = {isa = PBXFileReference; fileEncoding = 4; lastKnownFileType = sourcecode.c.h; path = APMoneyTransfer.h; sourceTree = "<group>"; };
		06F65E841ED8E350003F0E8A /* APQueue.h */ = {isa = PBXFileReference; fileEncoding = 4; lastKnownFileType = sourcecode.c.h; path = APQueue.h; sourceTree = "<group>"; };
		06F65E851ED8E350003F0E8A /* APQueue.m */ = {isa = PBXFileReference; fileEncoding = 4; lastKnownFileType = sourcecode.c.objc; path = APQueue.m; sourceTree = "<group>"; };
		06F65E881ED8E350003F0E8A /* APCarWashRoom.h */ = {isa = PBXFileReference; fileEncoding = 4; lastKnownFileType = sourcecode.c.h; path = APCarWashRoom.h; sourceTree = "<group>"; };
		06F65E891ED8E350003F0E8A /* APCarWashRoom.m */ = {isa = PBXFileReference; fileEncoding = 4; lastKnownFileType = sourcecode.c.objc; path = APCarWashRoom.m; sourceTree = "<group>"; };
		06F65E8A1ED8E350003F0E8A /* APRoom.h */ = {isa = PBXFileReference; fileEncoding = 4; lastKnownFileType = sourcecode.c.h; path = APRoom.h; sourceTree = "<group>"; };
		06F65E8B1ED8E350003F0E8A /* APRoom.m */ = {isa = PBXFileReference; fileEncoding = 4; lastKnownFileType = sourcecode.c.objc; path = APRoom.m; sourceTree = "<group>"; };
		06F65E8E1ED8E350003F0E8A /* APAccountant.h */ = {isa = PBXFileReference; fileEncoding = 4; lastKnownFileType = sourcecode.c.h; path = APAccountant.h; sourceTree = "<group>"; };
		06F65E8F1ED8E350003F0E8A /* APAccountant.m */ = {isa = PBXFileReference; fileEncoding = 4; lastKnownFileType = sourcecode.c.objc; path = APAccountant.m; sourceTree = "<group>"; };
		06F65E911ED8E350003F0E8A /* APBoss.h */ = {isa = PBXFileReference; fileEncoding = 4; lastKnownFileType = sourcecode.c.h; path = APBoss.h; sourceTree = "<group>"; };
		06F65E921ED8E350003F0E8A /* APBoss.m */ = {isa = PBXFileReference; fileEncoding = 4; lastKnownFileType = sourcecode.c.objc; path = APBoss.m; sourceTree = "<group>"; };
		06F65E941ED8E350003F0E8A /* APWasher.h */ = {isa = PBXFileReference; fileEncoding = 4; lastKnownFileType = sourcecode.c.h; path = APWasher.h; sourceTree = "<group>"; };
		06F65E951ED8E350003F0E8A /* APWasher.m */ = {isa = PBXFileReference; fileEncoding = 4; lastKnownFileType = sourcecode.c.objc; path = APWasher.m; sourceTree = "<group>"; };
		06F65E961ED8E350003F0E8A /* APWorker.h */ = {isa = PBXFileReference; fileEncoding = 4; lastKnownFileType = sourcecode.c.h; path = APWorker.h; sourceTree = "<group>"; };
		06F65E971ED8E350003F0E8A /* APWorker.m */ = {isa = PBXFileReference; fileEncoding = 4; lastKnownFileType = sourcecode.c.objc; path = APWorker.m; sourceTree = "<group>"; };
		06F65E991ED8E350003F0E8A /* APRandomStringTest.h */ = {isa = PBXFileReference; fileEncoding = 4; lastKnownFileType = sourcecode.c.h; path = APRandomStringTest.h; sourceTree = "<group>"; };
		06F65E9A1ED8E350003F0E8A /* APRandomStringTest.m */ = {isa = PBXFileReference; fileEncoding = 4; lastKnownFileType = sourcecode.c.objc; path = APRandomStringTest.m; sourceTree = "<group>"; };
		06F65E9D1ED8E350003F0E8A /* APCreature.h */ = {isa = PBXFileReference; fileEncoding = 4; lastKnownFileType = sourcecode.c.h; path = APCreature.h; sourceTree = "<group>"; };
		06F65E9E1ED8E350003F0E8A /* APCreature.m */ = {isa = PBXFileReference; fileEncoding = 4; lastKnownFileType = sourcecode.c.objc; path = APCreature.m; sourceTree = "<group>"; };
		06F65EA01ED8E350003F0E8A /* APCreatureTests.h */ = {isa = PBXFileReference; fileEncoding = 4; lastKnownFileType = sourcecode.c.h; path = APCreatureTests.h; sourceTree = "<group>"; };
		06F65EA11ED8E350003F0E8A /* APCreatureTests.m */ = {isa = PBXFileReference; fileEncoding = 4; lastKnownFileType = sourcecode.c.objc; path = APCreatureTests.m; sourceTree = "<group>"; };
		06F65EA31ED8E350003F0E8A /* APCreatureFemale.h */ = {isa = PBXFileReference; fileEncoding = 4; lastKnownFileType = sourcecode.c.h; path = APCreatureFemale.h; sourceTree = "<group>"; };
		06F65EA41ED8E350003F0E8A /* APCreatureFemale.m */ = {isa = PBXFileReference; fileEncoding = 4; lastKnownFileType = sourcecode.c.objc; path = APCreatureFemale.m; sourceTree = "<group>"; };
		06F65EA61ED8E350003F0E8A /* APCreatureMale.h */ = {isa = PBXFileReference; fileEncoding = 4; lastKnownFileType = sourcecode.c.h; path = APCreatureMale.h; sourceTree = "<group>"; };
		06F65EA71ED8E350003F0E8A /* APCreatureMale.m */ = {isa = PBXFileReference; fileEncoding = 4; lastKnownFileType = sourcecode.c.objc; path = APCreatureMale.m; sourceTree = "<group>"; };
		06F65EAA1ED8E350003F0E8A /* NSObject+APRandomNumbers.h */ = {isa = PBXFileReference; fileEncoding = 4; lastKnownFileType = sourcecode.c.h; path = "NSObject+APRandomNumbers.h"; sourceTree = "<group>"; };
		06F65EAB1ED8E350003F0E8A /* NSObject+APRandomNumbers.m */ = {isa = PBXFileReference; fileEncoding = 4; lastKnownFileType = sourcecode.c.objc; path = "NSObject+APRandomNumbers.m"; sourceTree = "<group>"; };
		06F65EAD1ED8E350003F0E8A /* NSArray+APExtensions.h */ = {isa = PBXFileReference; fileEncoding = 4; lastKnownFileType = sourcecode.c.h; path = "NSArray+APExtensions.h"; sourceTree = "<group>"; };
		06F65EAE1ED8E350003F0E8A /* NSArray+APExtensions.m */ = {isa = PBXFileReference; fileEncoding = 4; lastKnownFileType = sourcecode.c.objc; path = "NSArray+APExtensions.m"; sourceTree = "<group>"; };
		06F65EAF1ED8E350003F0E8A /* NSObject+APObject.h */ = {isa = PBXFileReference; fileEncoding = 4; lastKnownFileType = sourcecode.c.h; path = "NSObject+APObject.h"; sourceTree = "<group>"; };
		06F65EB01ED8E350003F0E8A /* NSObject+APObject.m */ = {isa = PBXFileReference; fileEncoding = 4; lastKnownFileType = sourcecode.c.objc; path = "NSObject+APObject.m"; sourceTree = "<group>"; };
		06F65EB21ED8E350003F0E8A /* APAlphabet.h */ = {isa = PBXFileReference; fileEncoding = 4; lastKnownFileType = sourcecode.c.h; path = APAlphabet.h; sourceTree = "<group>"; };
		06F65EB31ED8E350003F0E8A /* APAlphabet.m */ = {isa = PBXFileReference; fileEncoding = 4; lastKnownFileType = sourcecode.c.objc; path = APAlphabet.m; sourceTree = "<group>"; };
		06F65EB41ED8E350003F0E8A /* NSString+APExtensions.h */ = {isa = PBXFileReference; fileEncoding = 4; lastKnownFileType = sourcecode.c.h; path = "NSString+APExtensions.h"; sourceTree = "<group>"; };
		06F65EB51ED8E350003F0E8A /* NSString+APExtensions.m */ = {isa = PBXFileReference; fileEncoding = 4; lastKnownFileType = sourcecode.c.objc; path = "NSString+APExtensions.m"; sourceTree = "<group>"; };
		06F65EB71ED8E350003F0E8A /* APClasterAlphabet.h */ = {isa = PBXFileReference; fileEncoding = 4; lastKnownFileType = sourcecode.c.h; path = APClasterAlphabet.h; sourceTree = "<group>"; };
		06F65EB81ED8E350003F0E8A /* APClasterAlphabet.m */ = {isa = PBXFileReference; fileEncoding = 4; lastKnownFileType = sourcecode.c.objc; path = APClasterAlphabet.m; sourceTree = "<group>"; };
		06F65EB91ED8E350003F0E8A /* APRangeAlphabet.h */ = {isa = PBXFileReference; fileEncoding = 4; lastKnownFileType = sourcecode.c.h; path = APRangeAlphabet.h; sourceTree = "<group>"; };
		06F65EBA1ED8E350003F0E8A /* APRangeAlphabet.m */ = {isa = PBXFileReference; fileEncoding = 4; lastKnownFileType = sourcecode.c.objc; path = APRangeAlphabet.m; sourceTree = "<group>"; };
		06F65EBB1ED8E350003F0E8A /* APStringsAlphabet.h */ = {isa = PBXFileReference; fileEncoding = 4; lastKnownFileType = sourcecode.c.h; path = APStringsAlphabet.h; sourceTree = "<group>"; };
		06F65EBC1ED8E350003F0E8A /* APStringsAlphabet.m */ = {isa = PBXFileReference; fileEncoding = 4; lastKnownFileType = sourcecode.c.objc; path = APStringsAlphabet.m; sourceTree = "<group>"; };
		06F65EBD1ED8E350003F0E8A /* main.m */ = {isa = PBXFileReference; fileEncoding = 4; lastKnownFileType = sourcecode.c.objc; path = main.m; sourceTree = "<group>"; };
		06F65EF11ED8FFEB003F0E8A /* APAlphabetSpec.m */ = {isa = PBXFileReference; fileEncoding = 4; lastKnownFileType = sourcecode.c.objc; path = APAlphabetSpec.m; sourceTree = "<group>"; };
		16AD5240D7BB8B6846C31AD4 /* Pods-ObjCTests.debug.xcconfig */ = {isa = PBXFileReference; includeInIndex = 1; lastKnownFileType = text.xcconfig; name = "Pods-ObjCTests.debug.xcconfig"; path = "Pods/Target Support Files/Pods-ObjCTests/Pods-ObjCTests.debug.xcconfig"; sourceTree = "<group>"; };
		97337F1738F91F03A57F4B1B /* libPods-ObjCTests.a */ = {isa = PBXFileReference; explicitFileType = archive.ar; includeInIndex = 0; path = "libPods-ObjCTests.a"; sourceTree = BUILT_PRODUCTS_DIR; };
		A4A788796A4D3C410E4D55D8 /* Pods-ObjCTests.release.xcconfig */ = {isa = PBXFileReference; includeInIndex = 1; lastKnownFileType = text.xcconfig; name = "Pods-ObjCTests.release.xcconfig"; path = "Pods/Target Support Files/Pods-ObjCTests/Pods-ObjCTests.release.xcconfig"; sourceTree = "<group>"; };
/* End PBXFileReference section */

/* Begin PBXFrameworksBuildPhase section */
		0644E0381EAA471000C5F33C /* Frameworks */ = {
			isa = PBXFrameworksBuildPhase;
			buildActionMask = 2147483647;
			files = (
			);
			runOnlyForDeploymentPostprocessing = 0;
		};
		06F65E691ED8E291003F0E8A /* Frameworks */ = {
			isa = PBXFrameworksBuildPhase;
			buildActionMask = 2147483647;
			files = (
				2520B80A5F936141E5A49E7F /* libPods-ObjCTests.a in Frameworks */,
			);
			runOnlyForDeploymentPostprocessing = 0;
		};
/* End PBXFrameworksBuildPhase section */

/* Begin PBXGroup section */
		0644E0321EAA471000C5F33C = {
			isa = PBXGroup;
			children = (
				06F65E741ED8E350003F0E8A /* APCreature */,
				06F65E6D1ED8E291003F0E8A /* ObjCTests */,
				0644E03C1EAA471000C5F33C /* Products */,
				4FD49337614458719C2968A5 /* Pods */,
				71D477D7956BA768F6DF7B56 /* Frameworks */,
			);
			sourceTree = "<group>";
		};
		0644E03C1EAA471000C5F33C /* Products */ = {
			isa = PBXGroup;
			children = (
				0644E03B1EAA471000C5F33C /* APCreature */,
				06F65E6C1ED8E291003F0E8A /* ObjCTests.xctest */,
			);
			name = Products;
			sourceTree = "<group>";
		};
		06F65E6D1ED8E291003F0E8A /* ObjCTests */ = {
			isa = PBXGroup;
			children = (
				06F65EF01ED8EEBF003F0E8A /* Specs */,
				06F65E701ED8E291003F0E8A /* Info.plist */,
			);
			path = ObjCTests;
			sourceTree = "<group>";
		};
		06F65E741ED8E350003F0E8A /* APCreature */ = {
			isa = PBXGroup;
			children = (
				06F65E751ED8E350003F0E8A /* APCarWashProject */,
				06F65E981ED8E350003F0E8A /* APCommonTest */,
				06F65E9B1ED8E350003F0E8A /* APCreatureProject */,
				06F65EA91ED8E350003F0E8A /* APRandomNumbers */,
				06F65EAC1ED8E350003F0E8A /* Categories */,
				06F65EBD1ED8E350003F0E8A /* main.m */,
			);
			path = APCreature;
			sourceTree = "<group>";
		};
		06F65E751ED8E350003F0E8A /* APCarWashProject */ = {
			isa = PBXGroup;
			children = (
				06F65EF31EE2C7D8003F0E8A /* APObservableObject */,
				06F65E761ED8E350003F0E8A /* APBuilding */,
				06F65E791ED8E350003F0E8A /* APCar */,
				06F65E7C1ED8E350003F0E8A /* APCarWashEnterprise */,
				06F65E7F1ED8E350003F0E8A /* APCarWashTest */,
				06F65E821ED8E350003F0E8A /* APMoneyTransfer.h */,
				06F65E831ED8E350003F0E8A /* APQueue */,
				06F65E861ED8E350003F0E8A /* APRoom */,
				06F65E8C1ED8E350003F0E8A /* APWorker */,
			);
			path = APCarWashProject;
			sourceTree = "<group>";
		};
		06F65E761ED8E350003F0E8A /* APBuilding */ = {
			isa = PBXGroup;
			children = (
				06F65E771ED8E350003F0E8A /* APBuilding.h */,
				06F65E781ED8E350003F0E8A /* APBuilding.m */,
			);
			path = APBuilding;
			sourceTree = "<group>";
		};
		06F65E791ED8E350003F0E8A /* APCar */ = {
			isa = PBXGroup;
			children = (
				06F65E7A1ED8E350003F0E8A /* APCar.h */,
				06F65E7B1ED8E350003F0E8A /* APCar.m */,
			);
			path = APCar;
			sourceTree = "<group>";
		};
		06F65E7C1ED8E350003F0E8A /* APCarWashEnterprise */ = {
			isa = PBXGroup;
			children = (
				06F65E7D1ED8E350003F0E8A /* APCarWashEnterprise.h */,
				06F65E7E1ED8E350003F0E8A /* APCarWashEnterprise.m */,
			);
			path = APCarWashEnterprise;
			sourceTree = "<group>";
		};
		06F65E7F1ED8E350003F0E8A /* APCarWashTest */ = {
			isa = PBXGroup;
			children = (
				06F65E801ED8E350003F0E8A /* APCarWashTest.h */,
				06F65E811ED8E350003F0E8A /* APCarWashTest.m */,
			);
			path = APCarWashTest;
			sourceTree = "<group>";
		};
		06F65E831ED8E350003F0E8A /* APQueue */ = {
			isa = PBXGroup;
			children = (
				06F65E841ED8E350003F0E8A /* APQueue.h */,
				06F65E851ED8E350003F0E8A /* APQueue.m */,
			);
			path = APQueue;
			sourceTree = "<group>";
		};
		06F65E861ED8E350003F0E8A /* APRoom */ = {
			isa = PBXGroup;
			children = (
				06F65E871ED8E350003F0E8A /* APCarWashRoom */,
				06F65E8A1ED8E350003F0E8A /* APRoom.h */,
				06F65E8B1ED8E350003F0E8A /* APRoom.m */,
			);
			path = APRoom;
			sourceTree = "<group>";
		};
		06F65E871ED8E350003F0E8A /* APCarWashRoom */ = {
			isa = PBXGroup;
			children = (
				06F65E881ED8E350003F0E8A /* APCarWashRoom.h */,
				06F65E891ED8E350003F0E8A /* APCarWashRoom.m */,
			);
			path = APCarWashRoom;
			sourceTree = "<group>";
		};
		06F65E8C1ED8E350003F0E8A /* APWorker */ = {
			isa = PBXGroup;
			children = (
				06F65E8D1ED8E350003F0E8A /* APAccountant */,
				06F65E901ED8E350003F0E8A /* APBoss */,
				06F65E931ED8E350003F0E8A /* APWasher */,
				06F65E961ED8E350003F0E8A /* APWorker.h */,
				06F65E971ED8E350003F0E8A /* APWorker.m */,
			);
			path = APWorker;
			sourceTree = "<group>";
		};
		06F65E8D1ED8E350003F0E8A /* APAccountant */ = {
			isa = PBXGroup;
			children = (
				06F65E8E1ED8E350003F0E8A /* APAccountant.h */,
				06F65E8F1ED8E350003F0E8A /* APAccountant.m */,
			);
			path = APAccountant;
			sourceTree = "<group>";
		};
		06F65E901ED8E350003F0E8A /* APBoss */ = {
			isa = PBXGroup;
			children = (
				06F65E911ED8E350003F0E8A /* APBoss.h */,
				06F65E921ED8E350003F0E8A /* APBoss.m */,
			);
			path = APBoss;
			sourceTree = "<group>";
		};
		06F65E931ED8E350003F0E8A /* APWasher */ = {
			isa = PBXGroup;
			children = (
				06F65E941ED8E350003F0E8A /* APWasher.h */,
				06F65E951ED8E350003F0E8A /* APWasher.m */,
			);
			path = APWasher;
			sourceTree = "<group>";
		};
		06F65E981ED8E350003F0E8A /* APCommonTest */ = {
			isa = PBXGroup;
			children = (
				06F65E991ED8E350003F0E8A /* APRandomStringTest.h */,
				06F65E9A1ED8E350003F0E8A /* APRandomStringTest.m */,
			);
			path = APCommonTest;
			sourceTree = "<group>";
		};
		06F65E9B1ED8E350003F0E8A /* APCreatureProject */ = {
			isa = PBXGroup;
			children = (
				06F65E9C1ED8E350003F0E8A /* APCreature */,
				06F65E9F1ED8E350003F0E8A /* APCreatureTests */,
				06F65EA21ED8E350003F0E8A /* APFemale */,
				06F65EA51ED8E350003F0E8A /* APMale */,
				06F65EA81ED8E350003F0E8A /* NSObject+APObject */,
			);
			path = APCreatureProject;
			sourceTree = "<group>";
		};
		06F65E9C1ED8E350003F0E8A /* APCreature */ = {
			isa = PBXGroup;
			children = (
				06F65E9D1ED8E350003F0E8A /* APCreature.h */,
				06F65E9E1ED8E350003F0E8A /* APCreature.m */,
			);
			path = APCreature;
			sourceTree = "<group>";
		};
		06F65E9F1ED8E350003F0E8A /* APCreatureTests */ = {
			isa = PBXGroup;
			children = (
				06F65EA01ED8E350003F0E8A /* APCreatureTests.h */,
				06F65EA11ED8E350003F0E8A /* APCreatureTests.m */,
			);
			path = APCreatureTests;
			sourceTree = "<group>";
		};
		06F65EA21ED8E350003F0E8A /* APFemale */ = {
			isa = PBXGroup;
			children = (
				06F65EA31ED8E350003F0E8A /* APCreatureFemale.h */,
				06F65EA41ED8E350003F0E8A /* APCreatureFemale.m */,
			);
			path = APFemale;
			sourceTree = "<group>";
		};
		06F65EA51ED8E350003F0E8A /* APMale */ = {
			isa = PBXGroup;
			children = (
				06F65EA61ED8E350003F0E8A /* APCreatureMale.h */,
				06F65EA71ED8E350003F0E8A /* APCreatureMale.m */,
			);
			path = APMale;
			sourceTree = "<group>";
		};
		06F65EA81ED8E350003F0E8A /* NSObject+APObject */ = {
			isa = PBXGroup;
			children = (
			);
			path = "NSObject+APObject";
			sourceTree = "<group>";
		};
		06F65EA91ED8E350003F0E8A /* APRandomNumbers */ = {
			isa = PBXGroup;
			children = (
				06F65EAA1ED8E350003F0E8A /* NSObject+APRandomNumbers.h */,
				06F65EAB1ED8E350003F0E8A /* NSObject+APRandomNumbers.m */,
			);
			path = APRandomNumbers;
			sourceTree = "<group>";
		};
		06F65EAC1ED8E350003F0E8A /* Categories */ = {
			isa = PBXGroup;
			children = (
				06F65EAD1ED8E350003F0E8A /* NSArray+APExtensions.h */,
				06F65EAE1ED8E350003F0E8A /* NSArray+APExtensions.m */,
				06F65EAF1ED8E350003F0E8A /* NSObject+APObject.h */,
				06F65EB01ED8E350003F0E8A /* NSObject+APObject.m */,
				06F65EB11ED8E350003F0E8A /* NSString+APExtensions */,
			);
			path = Categories;
			sourceTree = "<group>";
		};
		06F65EB11ED8E350003F0E8A /* NSString+APExtensions */ = {
			isa = PBXGroup;
			children = (
				06F65EB21ED8E350003F0E8A /* APAlphabet.h */,
				06F65EB31ED8E350003F0E8A /* APAlphabet.m */,
				06F65EB41ED8E350003F0E8A /* NSString+APExtensions.h */,
				06F65EB51ED8E350003F0E8A /* NSString+APExtensions.m */,
				06F65EB61ED8E350003F0E8A /* Private */,
			);
			path = "NSString+APExtensions";
			sourceTree = "<group>";
		};
		06F65EB61ED8E350003F0E8A /* Private */ = {
			isa = PBXGroup;
			children = (
				06F65EB71ED8E350003F0E8A /* APClasterAlphabet.h */,
				06F65EB81ED8E350003F0E8A /* APClasterAlphabet.m */,
				06F65EB91ED8E350003F0E8A /* APRangeAlphabet.h */,
				06F65EBA1ED8E350003F0E8A /* APRangeAlphabet.m */,
				06F65EBB1ED8E350003F0E8A /* APStringsAlphabet.h */,
				06F65EBC1ED8E350003F0E8A /* APStringsAlphabet.m */,
			);
			path = Private;
			sourceTree = "<group>";
		};
		06F65EF01ED8EEBF003F0E8A /* Specs */ = {
			isa = PBXGroup;
			children = (
				06F65EF11ED8FFEB003F0E8A /* APAlphabetSpec.m */,
			);
			path = Specs;
			sourceTree = "<group>";
		};
		06F65EF31EE2C7D8003F0E8A /* APObservableObject */ = {
			isa = PBXGroup;
			children = (
			);
			path = APObservableObject;
			sourceTree = "<group>";
		};
		4FD49337614458719C2968A5 /* Pods */ = {
			isa = PBXGroup;
			children = (
				16AD5240D7BB8B6846C31AD4 /* Pods-ObjCTests.debug.xcconfig */,
				A4A788796A4D3C410E4D55D8 /* Pods-ObjCTests.release.xcconfig */,
			);
			name = Pods;
			sourceTree = "<group>";
		};
		71D477D7956BA768F6DF7B56 /* Frameworks */ = {
			isa = PBXGroup;
			children = (
				97337F1738F91F03A57F4B1B /* libPods-ObjCTests.a */,
			);
			name = Frameworks;
			sourceTree = "<group>";
		};
/* End PBXGroup section */

/* Begin PBXNativeTarget section */
		0644E03A1EAA471000C5F33C /* APCreature */ = {
			isa = PBXNativeTarget;
			buildConfigurationList = 0644E0421EAA471000C5F33C /* Build configuration list for PBXNativeTarget "APCreature" */;
			buildPhases = (
				0644E0371EAA471000C5F33C /* Sources */,
				0644E0381EAA471000C5F33C /* Frameworks */,
				0644E0391EAA471000C5F33C /* CopyFiles */,
			);
			buildRules = (
			);
			dependencies = (
			);
			name = APCreature;
			productName = APCreature;
			productReference = 0644E03B1EAA471000C5F33C /* APCreature */;
			productType = "com.apple.product-type.tool";
		};
		06F65E6B1ED8E291003F0E8A /* ObjCTests */ = {
			isa = PBXNativeTarget;
			buildConfigurationList = 06F65E731ED8E291003F0E8A /* Build configuration list for PBXNativeTarget "ObjCTests" */;
			buildPhases = (
				301CF96F17E07322C90D3511 /* [CP] Check Pods Manifest.lock */,
				06F65E681ED8E291003F0E8A /* Sources */,
				06F65E691ED8E291003F0E8A /* Frameworks */,
				06F65E6A1ED8E291003F0E8A /* Resources */,
				C5606C34762326E03659E9B4 /* [CP] Embed Pods Frameworks */,
				5E34DD16B5CE77B13FF8A836 /* [CP] Copy Pods Resources */,
			);
			buildRules = (
			);
			dependencies = (
			);
			name = ObjCTests;
			productName = ObjCTests;
			productReference = 06F65E6C1ED8E291003F0E8A /* ObjCTests.xctest */;
			productType = "com.apple.product-type.bundle.unit-test";
		};
/* End PBXNativeTarget section */

/* Begin PBXProject section */
		0644E0331EAA471000C5F33C /* Project object */ = {
			isa = PBXProject;
			attributes = {
				LastUpgradeCheck = 0830;
				ORGANIZATIONNAME = "Aleksandr Poliakov";
				TargetAttributes = {
					0644E03A1EAA471000C5F33C = {
						CreatedOnToolsVersion = 8.3.2;
						DevelopmentTeam = VA3GS9K36G;
						ProvisioningStyle = Automatic;
					};
					06F65E6B1ED8E291003F0E8A = {
						CreatedOnToolsVersion = 8.3.2;
						DevelopmentTeam = VA3GS9K36G;
						ProvisioningStyle = Automatic;
					};
				};
			};
			buildConfigurationList = 0644E0361EAA471000C5F33C /* Build configuration list for PBXProject "APCreature" */;
			compatibilityVersion = "Xcode 3.2";
			developmentRegion = English;
			hasScannedForEncodings = 0;
			knownRegions = (
				en,
			);
			mainGroup = 0644E0321EAA471000C5F33C;
			productRefGroup = 0644E03C1EAA471000C5F33C /* Products */;
			projectDirPath = "";
			projectRoot = "";
			targets = (
				0644E03A1EAA471000C5F33C /* APCreature */,
				06F65E6B1ED8E291003F0E8A /* ObjCTests */,
			);
		};
/* End PBXProject section */

/* Begin PBXResourcesBuildPhase section */
		06F65E6A1ED8E291003F0E8A /* Resources */ = {
			isa = PBXResourcesBuildPhase;
			buildActionMask = 2147483647;
			files = (
			);
			runOnlyForDeploymentPostprocessing = 0;
		};
/* End PBXResourcesBuildPhase section */

/* Begin PBXShellScriptBuildPhase section */
		301CF96F17E07322C90D3511 /* [CP] Check Pods Manifest.lock */ = {
			isa = PBXShellScriptBuildPhase;
			buildActionMask = 2147483647;
			files = (
			);
			inputPaths = (
			);
			name = "[CP] Check Pods Manifest.lock";
			outputPaths = (
			);
			runOnlyForDeploymentPostprocessing = 0;
			shellPath = /bin/sh;
			shellScript = "diff \"${PODS_PODFILE_DIR_PATH}/Podfile.lock\" \"${PODS_ROOT}/Manifest.lock\" > /dev/null\nif [ $? != 0 ] ; then\n    # print error to STDERR\n    echo \"error: The sandbox is not in sync with the Podfile.lock. Run 'pod install' or update your CocoaPods installation.\" >&2\n    exit 1\nfi\n";
			showEnvVarsInLog = 0;
		};
		5E34DD16B5CE77B13FF8A836 /* [CP] Copy Pods Resources */ = {
			isa = PBXShellScriptBuildPhase;
			buildActionMask = 2147483647;
			files = (
			);
			inputPaths = (
			);
			name = "[CP] Copy Pods Resources";
			outputPaths = (
			);
			runOnlyForDeploymentPostprocessing = 0;
			shellPath = /bin/sh;
			shellScript = "\"${SRCROOT}/Pods/Target Support Files/Pods-ObjCTests/Pods-ObjCTests-resources.sh\"\n";
			showEnvVarsInLog = 0;
		};
		C5606C34762326E03659E9B4 /* [CP] Embed Pods Frameworks */ = {
			isa = PBXShellScriptBuildPhase;
			buildActionMask = 2147483647;
			files = (
			);
			inputPaths = (
			);
			name = "[CP] Embed Pods Frameworks";
			outputPaths = (
			);
			runOnlyForDeploymentPostprocessing = 0;
			shellPath = /bin/sh;
			shellScript = "\"${SRCROOT}/Pods/Target Support Files/Pods-ObjCTests/Pods-ObjCTests-frameworks.sh\"\n";
			showEnvVarsInLog = 0;
		};
/* End PBXShellScriptBuildPhase section */

/* Begin PBXSourcesBuildPhase section */
		0644E0371EAA471000C5F33C /* Sources */ = {
			isa = PBXSourcesBuildPhase;
			buildActionMask = 2147483647;
			files = (
				06F65EEA1ED8E350003F0E8A /* APRangeAlphabet.m in Sources */,
				06F65EC41ED8E350003F0E8A /* APCarWashTest.m in Sources */,
				06F65EC81ED8E350003F0E8A /* APCarWashRoom.m in Sources */,
				06F65EE61ED8E350003F0E8A /* NSString+APExtensions.m in Sources */,
				06F65ED01ED8E350003F0E8A /* APWasher.m in Sources */,
				06F65EE21ED8E350003F0E8A /* NSObject+APObject.m in Sources */,
				06F65ECC1ED8E350003F0E8A /* APAccountant.m in Sources */,
				06F65EE41ED8E350003F0E8A /* APAlphabet.m in Sources */,
				06F65ED41ED8E350003F0E8A /* APRandomStringTest.m in Sources */,
				06F65EE81ED8E350003F0E8A /* APClasterAlphabet.m in Sources */,
				06F65ECA1ED8E350003F0E8A /* APRoom.m in Sources */,
				06F65EDC1ED8E350003F0E8A /* APCreatureMale.m in Sources */,
				06F65EE01ED8E350003F0E8A /* NSArray+APExtensions.m in Sources */,
				06F65ED21ED8E350003F0E8A /* APWorker.m in Sources */,
				06F65EDE1ED8E350003F0E8A /* NSObject+APRandomNumbers.m in Sources */,
				06F65EEE1ED8E350003F0E8A /* main.m in Sources */,
				06F65EC21ED8E350003F0E8A /* APCarWashEnterprise.m in Sources */,
				06F65EBE1ED8E350003F0E8A /* APBuilding.m in Sources */,
				06F65EC01ED8E350003F0E8A /* APCar.m in Sources */,
				06F65EEC1ED8E350003F0E8A /* APStringsAlphabet.m in Sources */,
				06F65EC61ED8E350003F0E8A /* APQueue.m in Sources */,
				06F65ED81ED8E350003F0E8A /* APCreatureTests.m in Sources */,
				06F65EDA1ED8E350003F0E8A /* APCreatureFemale.m in Sources */,
				06F65ECE1ED8E350003F0E8A /* APBoss.m in Sources */,
				06F65ED61ED8E350003F0E8A /* APCreature.m in Sources */,
			);
			runOnlyForDeploymentPostprocessing = 0;
		};
		06F65E681ED8E291003F0E8A /* Sources */ = {
			isa = PBXSourcesBuildPhase;
			buildActionMask = 2147483647;
			files = (
				06F65EEB1ED8E350003F0E8A /* APRangeAlphabet.m in Sources */,
				06F65EC51ED8E350003F0E8A /* APCarWashTest.m in Sources */,
				06F65EC91ED8E350003F0E8A /* APCarWashRoom.m in Sources */,
				06F65EE71ED8E350003F0E8A /* NSString+APExtensions.m in Sources */,
				06F65ED11ED8E350003F0E8A /* APWasher.m in Sources */,
				06F65EE31ED8E350003F0E8A /* NSObject+APObject.m in Sources */,
				06F65ECD1ED8E350003F0E8A /* APAccountant.m in Sources */,
				06F65EE51ED8E350003F0E8A /* APAlphabet.m in Sources */,
				06F65ED51ED8E350003F0E8A /* APRandomStringTest.m in Sources */,
				06F65EE91ED8E350003F0E8A /* APClasterAlphabet.m in Sources */,
				06F65ECB1ED8E350003F0E8A /* APRoom.m in Sources */,
				06F65EDD1ED8E350003F0E8A /* APCreatureMale.m in Sources */,
				06F65EE11ED8E350003F0E8A /* NSArray+APExtensions.m in Sources */,
				06F65ED31ED8E350003F0E8A /* APWorker.m in Sources */,
				06F65EDF1ED8E350003F0E8A /* NSObject+APRandomNumbers.m in Sources */,
				06F65EC31ED8E350003F0E8A /* APCarWashEnterprise.m in Sources */,
				06F65EBF1ED8E350003F0E8A /* APBuilding.m in Sources */,
				06F65EC11ED8E350003F0E8A /* APCar.m in Sources */,
				06F65EED1ED8E350003F0E8A /* APStringsAlphabet.m in Sources */,
				06F65EC71ED8E350003F0E8A /* APQueue.m in Sources */,
				06F65ED91ED8E350003F0E8A /* APCreatureTests.m in Sources */,
				06F65EDB1ED8E350003F0E8A /* APCreatureFemale.m in Sources */,
				06F65ECF1ED8E350003F0E8A /* APBoss.m in Sources */,
				06F65ED71ED8E350003F0E8A /* APCreature.m in Sources */,
				06F65EF21ED8FFEB003F0E8A /* APAlphabetSpec.m in Sources */,
			);
			runOnlyForDeploymentPostprocessing = 0;
		};
/* End PBXSourcesBuildPhase section */

/* Begin XCBuildConfiguration section */
		0644E0401EAA471000C5F33C /* Debug */ = {
			isa = XCBuildConfiguration;
			buildSettings = {
				ALWAYS_SEARCH_USER_PATHS = NO;
				CLANG_ANALYZER_NONNULL = YES;
				CLANG_ANALYZER_NUMBER_OBJECT_CONVERSION = YES_AGGRESSIVE;
				CLANG_CXX_LANGUAGE_STANDARD = "gnu++0x";
				CLANG_CXX_LIBRARY = "libc++";
				CLANG_ENABLE_MODULES = YES;
				CLANG_ENABLE_OBJC_ARC = YES;
				CLANG_WARN_BOOL_CONVERSION = YES;
				CLANG_WARN_CONSTANT_CONVERSION = YES;
				CLANG_WARN_DIRECT_OBJC_ISA_USAGE = YES_ERROR;
				CLANG_WARN_DOCUMENTATION_COMMENTS = YES;
				CLANG_WARN_EMPTY_BODY = YES;
				CLANG_WARN_ENUM_CONVERSION = YES;
				CLANG_WARN_INFINITE_RECURSION = YES;
				CLANG_WARN_INT_CONVERSION = YES;
				CLANG_WARN_OBJC_ROOT_CLASS = YES_ERROR;
				CLANG_WARN_SUSPICIOUS_MOVE = YES;
				CLANG_WARN_UNREACHABLE_CODE = YES;
				CLANG_WARN__DUPLICATE_METHOD_MATCH = YES;
				CODE_SIGN_IDENTITY = "-";
				COPY_PHASE_STRIP = NO;
				DEBUG_INFORMATION_FORMAT = dwarf;
				ENABLE_STRICT_OBJC_MSGSEND = YES;
				ENABLE_TESTABILITY = YES;
				GCC_C_LANGUAGE_STANDARD = gnu99;
				GCC_DYNAMIC_NO_PIC = NO;
				GCC_NO_COMMON_BLOCKS = YES;
				GCC_OPTIMIZATION_LEVEL = 0;
				GCC_PREPROCESSOR_DEFINITIONS = (
					"DEBUG=1",
					"$(inherited)",
				);
				GCC_WARN_64_TO_32_BIT_CONVERSION = YES;
				GCC_WARN_ABOUT_RETURN_TYPE = YES_ERROR;
				GCC_WARN_UNDECLARED_SELECTOR = YES;
				GCC_WARN_UNINITIALIZED_AUTOS = YES_AGGRESSIVE;
				GCC_WARN_UNUSED_FUNCTION = YES;
				GCC_WARN_UNUSED_VARIABLE = YES;
				MACOSX_DEPLOYMENT_TARGET = 10.12;
				MTL_ENABLE_DEBUG_INFO = YES;
				ONLY_ACTIVE_ARCH = YES;
				SDKROOT = macosx;
			};
			name = Debug;
		};
		0644E0411EAA471000C5F33C /* Release */ = {
			isa = XCBuildConfiguration;
			buildSettings = {
				ALWAYS_SEARCH_USER_PATHS = NO;
				CLANG_ANALYZER_NONNULL = YES;
				CLANG_ANALYZER_NUMBER_OBJECT_CONVERSION = YES_AGGRESSIVE;
				CLANG_CXX_LANGUAGE_STANDARD = "gnu++0x";
				CLANG_CXX_LIBRARY = "libc++";
				CLANG_ENABLE_MODULES = YES;
				CLANG_ENABLE_OBJC_ARC = YES;
				CLANG_WARN_BOOL_CONVERSION = YES;
				CLANG_WARN_CONSTANT_CONVERSION = YES;
				CLANG_WARN_DIRECT_OBJC_ISA_USAGE = YES_ERROR;
				CLANG_WARN_DOCUMENTATION_COMMENTS = YES;
				CLANG_WARN_EMPTY_BODY = YES;
				CLANG_WARN_ENUM_CONVERSION = YES;
				CLANG_WARN_INFINITE_RECURSION = YES;
				CLANG_WARN_INT_CONVERSION = YES;
				CLANG_WARN_OBJC_ROOT_CLASS = YES_ERROR;
				CLANG_WARN_SUSPICIOUS_MOVE = YES;
				CLANG_WARN_UNREACHABLE_CODE = YES;
				CLANG_WARN__DUPLICATE_METHOD_MATCH = YES;
				CODE_SIGN_IDENTITY = "-";
				COPY_PHASE_STRIP = NO;
				DEBUG_INFORMATION_FORMAT = "dwarf-with-dsym";
				ENABLE_NS_ASSERTIONS = NO;
				ENABLE_STRICT_OBJC_MSGSEND = YES;
				GCC_C_LANGUAGE_STANDARD = gnu99;
				GCC_NO_COMMON_BLOCKS = YES;
				GCC_WARN_64_TO_32_BIT_CONVERSION = YES;
				GCC_WARN_ABOUT_RETURN_TYPE = YES_ERROR;
				GCC_WARN_UNDECLARED_SELECTOR = YES;
				GCC_WARN_UNINITIALIZED_AUTOS = YES_AGGRESSIVE;
				GCC_WARN_UNUSED_FUNCTION = YES;
				GCC_WARN_UNUSED_VARIABLE = YES;
				MACOSX_DEPLOYMENT_TARGET = 10.12;
				MTL_ENABLE_DEBUG_INFO = NO;
				SDKROOT = macosx;
			};
			name = Release;
		};
		0644E0431EAA471000C5F33C /* Debug */ = {
			isa = XCBuildConfiguration;
			buildSettings = {
				CLANG_ENABLE_OBJC_ARC = NO;
				DEVELOPMENT_TEAM = VA3GS9K36G;
				MACOSX_DEPLOYMENT_TARGET = 10.11;
				PRODUCT_NAME = "$(TARGET_NAME)";
			};
			name = Debug;
		};
		0644E0441EAA471000C5F33C /* Release */ = {
			isa = XCBuildConfiguration;
			buildSettings = {
				CLANG_ENABLE_OBJC_ARC = NO;
				DEVELOPMENT_TEAM = VA3GS9K36G;
				MACOSX_DEPLOYMENT_TARGET = 10.11;
				PRODUCT_NAME = "$(TARGET_NAME)";
			};
			name = Release;
		};
		06F65E711ED8E291003F0E8A /* Debug */ = {
			isa = XCBuildConfiguration;
			baseConfigurationReference = 16AD5240D7BB8B6846C31AD4 /* Pods-ObjCTests.debug.xcconfig */;
			buildSettings = {
				CLANG_ENABLE_OBJC_ARC = NO;
				COMBINE_HIDPI_IMAGES = YES;
				DEVELOPMENT_TEAM = VA3GS9K36G;
				INFOPLIST_FILE = ObjCTests/Info.plist;
				LD_RUNPATH_SEARCH_PATHS = "$(inherited) @executable_path/../Frameworks @loader_path/../Frameworks";
				PRODUCT_BUNDLE_IDENTIFIER = AP.ObjCTests;
				PRODUCT_NAME = "$(TARGET_NAME)";
			};
			name = Debug;
		};
		06F65E721ED8E291003F0E8A /* Release */ = {
			isa = XCBuildConfiguration;
			baseConfigurationReference = A4A788796A4D3C410E4D55D8 /* Pods-ObjCTests.release.xcconfig */;
			buildSettings = {
				CLANG_ENABLE_OBJC_ARC = NO;
				COMBINE_HIDPI_IMAGES = YES;
				DEVELOPMENT_TEAM = VA3GS9K36G;
				INFOPLIST_FILE = ObjCTests/Info.plist;
				LD_RUNPATH_SEARCH_PATHS = "$(inherited) @executable_path/../Frameworks @loader_path/../Frameworks";
				PRODUCT_BUNDLE_IDENTIFIER = AP.ObjCTests;
				PRODUCT_NAME = "$(TARGET_NAME)";
			};
			name = Release;
		};
/* End XCBuildConfiguration section */

/* Begin XCConfigurationList section */
		0644E0361EAA471000C5F33C /* Build configuration list for PBXProject "APCreature" */ = {
			isa = XCConfigurationList;
			buildConfigurations = (
				0644E0401EAA471000C5F33C /* Debug */,
				0644E0411EAA471000C5F33C /* Release */,
			);
			defaultConfigurationIsVisible = 0;
			defaultConfigurationName = Release;
		};
		0644E0421EAA471000C5F33C /* Build configuration list for PBXNativeTarget "APCreature" */ = {
			isa = XCConfigurationList;
			buildConfigurations = (
				0644E0431EAA471000C5F33C /* Debug */,
				0644E0441EAA471000C5F33C /* Release */,
			);
			defaultConfigurationIsVisible = 0;
			defaultConfigurationName = Release;
		};
		06F65E731ED8E291003F0E8A /* Build configuration list for PBXNativeTarget "ObjCTests" */ = {
			isa = XCConfigurationList;
			buildConfigurations = (
				06F65E711ED8E291003F0E8A /* Debug */,
				06F65E721ED8E291003F0E8A /* Release */,
			);
			defaultConfigurationIsVisible = 0;
			defaultConfigurationName = Release;
		};
/* End XCConfigurationList section */
	};
	rootObject = 0644E0331EAA471000C5F33C /* Project object */;
}
