// !$*UTF8*$!
{
	archiveVersion = 1;
	classes = {
	};
	objectVersion = 46;
	objects = {

/* Begin PBXBuildFile section */
		063328DC1ED25DFE0070C820 /* NSArray+APExtensions.m in Sources */ = {isa = PBXBuildFile; fileRef = 063328DB1ED25DFE0070C820 /* NSArray+APExtensions.m */; };
		063328E51ED5E5BC0070C820 /* APRandomStringTest.m in Sources */ = {isa = PBXBuildFile; fileRef = 063328E41ED5E5BC0070C820 /* APRandomStringTest.m */; };
		063328F21ED78CCB0070C820 /* APAlphabet.m in Sources */ = {isa = PBXBuildFile; fileRef = 063328EE1ED78CCB0070C820 /* APAlphabet.m */; };
		063328F31ED78CCB0070C820 /* NSString+APExtensions.m in Sources */ = {isa = PBXBuildFile; fileRef = 063328F01ED78CCB0070C820 /* NSString+APExtensions.m */; };
		068F61DE1EB77AC90086E080 /* NSObject+APRandomNumbers.m in Sources */ = {isa = PBXBuildFile; fileRef = 068F61DD1EB77AC90086E080 /* NSObject+APRandomNumbers.m */; };
		068F61EC1EB7E7F40086E080 /* NSObject+APObject.m in Sources */ = {isa = PBXBuildFile; fileRef = 068F61EA1EB7E7F40086E080 /* NSObject+APObject.m */; };
		069C7B4C1EB140B400584B4B /* APCreature.m in Sources */ = {isa = PBXBuildFile; fileRef = 069C7B3D1EB140B400584B4B /* APCreature.m */; };
		069C7B4D1EB140B400584B4B /* APCreatureTests.m in Sources */ = {isa = PBXBuildFile; fileRef = 069C7B401EB140B400584B4B /* APCreatureTests.m */; };
		069C7B4E1EB140B400584B4B /* APCreatureFemale.m in Sources */ = {isa = PBXBuildFile; fileRef = 069C7B431EB140B400584B4B /* APCreatureFemale.m */; };
		069C7B4F1EB140B400584B4B /* APCreatureMale.m in Sources */ = {isa = PBXBuildFile; fileRef = 069C7B461EB140B400584B4B /* APCreatureMale.m */; };
		069C7B511EB140B400584B4B /* main.m in Sources */ = {isa = PBXBuildFile; fileRef = 069C7B4B1EB140B400584B4B /* main.m */; };
		06C1D71B1EC64FFD00DBEEF0 /* APQueue.m in Sources */ = {isa = PBXBuildFile; fileRef = 06C1D71A1EC64FFD00DBEEF0 /* APQueue.m */; };
		06E9F2561EBA60BA00955745 /* APBuilding.m in Sources */ = {isa = PBXBuildFile; fileRef = 06E9F2391EBA60BA00955745 /* APBuilding.m */; };
		06E9F2581EBA60BA00955745 /* APCar.m in Sources */ = {isa = PBXBuildFile; fileRef = 06E9F23F1EBA60BA00955745 /* APCar.m */; };
		06E9F2591EBA60BA00955745 /* APCarWashTest.m in Sources */ = {isa = PBXBuildFile; fileRef = 06E9F2421EBA60BA00955745 /* APCarWashTest.m */; };
		06E9F25A1EBA60BA00955745 /* APCarWashRoom.m in Sources */ = {isa = PBXBuildFile; fileRef = 06E9F2471EBA60BA00955745 /* APCarWashRoom.m */; };
		06E9F25B1EBA60BA00955745 /* APRoom.m in Sources */ = {isa = PBXBuildFile; fileRef = 06E9F2491EBA60BA00955745 /* APRoom.m */; };
		06E9F25C1EBA60BA00955745 /* APAccountant.m in Sources */ = {isa = PBXBuildFile; fileRef = 06E9F24D1EBA60BA00955745 /* APAccountant.m */; };
		06E9F25D1EBA60BA00955745 /* APBoss.m in Sources */ = {isa = PBXBuildFile; fileRef = 06E9F2501EBA60BA00955745 /* APBoss.m */; };
		06E9F25E1EBA60BA00955745 /* APWasher.m in Sources */ = {isa = PBXBuildFile; fileRef = 06E9F2531EBA60BA00955745 /* APWasher.m */; };
		06E9F25F1EBA60BA00955745 /* APWorker.m in Sources */ = {isa = PBXBuildFile; fileRef = 06E9F2551EBA60BA00955745 /* APWorker.m */; };
		06E9F2911EBCEAC900955745 /* APCarWashEnterprise.m in Sources */ = {isa = PBXBuildFile; fileRef = 06E9F2901EBCEAC900955745 /* APCarWashEnterprise.m */; };
/* End PBXBuildFile section */

/* Begin PBXCopyFilesBuildPhase section */
		0644E0391EAA471000C5F33C /* CopyFiles */ = {
			isa = PBXCopyFilesBuildPhase;
			buildActionMask = 2147483647;
			dstPath = /usr/share/man/man1/;
			dstSubfolderSpec = 0;
			files = (
			);
			runOnlyForDeploymentPostprocessing = 1;
		};
/* End PBXCopyFilesBuildPhase section */

/* Begin PBXFileReference section */
		063328DA1ED25DFE0070C820 /* NSArray+APExtensions.h */ = {isa = PBXFileReference; fileEncoding = 4; lastKnownFileType = sourcecode.c.h; path = "NSArray+APExtensions.h"; sourceTree = "<group>"; };
		063328DB1ED25DFE0070C820 /* NSArray+APExtensions.m */ = {isa = PBXFileReference; fileEncoding = 4; lastKnownFileType = sourcecode.c.objc; path = "NSArray+APExtensions.m"; sourceTree = "<group>"; };
		063328E31ED5E5BC0070C820 /* APRandomStringTest.h */ = {isa = PBXFileReference; fileEncoding = 4; lastKnownFileType = sourcecode.c.h; path = APRandomStringTest.h; sourceTree = "<group>"; };
		063328E41ED5E5BC0070C820 /* APRandomStringTest.m */ = {isa = PBXFileReference; fileEncoding = 4; lastKnownFileType = sourcecode.c.objc; path = APRandomStringTest.m; sourceTree = "<group>"; };
		063328ED1ED78CCB0070C820 /* APAlphabet.h */ = {isa = PBXFileReference; fileEncoding = 4; lastKnownFileType = sourcecode.c.h; path = APAlphabet.h; sourceTree = "<group>"; };
		063328EE1ED78CCB0070C820 /* APAlphabet.m */ = {isa = PBXFileReference; fileEncoding = 4; lastKnownFileType = sourcecode.c.objc; path = APAlphabet.m; sourceTree = "<group>"; };
		063328EF1ED78CCB0070C820 /* NSString+APExtensions.h */ = {isa = PBXFileReference; fileEncoding = 4; lastKnownFileType = sourcecode.c.h; path = "NSString+APExtensions.h"; sourceTree = "<group>"; };
		063328F01ED78CCB0070C820 /* NSString+APExtensions.m */ = {isa = PBXFileReference; fileEncoding = 4; lastKnownFileType = sourcecode.c.objc; path = "NSString+APExtensions.m"; sourceTree = "<group>"; };
		0644E03B1EAA471000C5F33C /* APCreature */ = {isa = PBXFileReference; explicitFileType = "compiled.mach-o.executable"; includeInIndex = 0; path = APCreature; sourceTree = BUILT_PRODUCTS_DIR; };
		068F61DC1EB77AC90086E080 /* NSObject+APRandomNumbers.h */ = {isa = PBXFileReference; fileEncoding = 4; lastKnownFileType = sourcecode.c.h; path = "NSObject+APRandomNumbers.h"; sourceTree = "<group>"; };
		068F61DD1EB77AC90086E080 /* NSObject+APRandomNumbers.m */ = {isa = PBXFileReference; fileEncoding = 4; lastKnownFileType = sourcecode.c.objc; path = "NSObject+APRandomNumbers.m"; sourceTree = "<group>"; };
		068F61E91EB7E7F40086E080 /* NSObject+APObject.h */ = {isa = PBXFileReference; fileEncoding = 4; lastKnownFileType = sourcecode.c.h; path = "NSObject+APObject.h"; sourceTree = "<group>"; };
		068F61EA1EB7E7F40086E080 /* NSObject+APObject.m */ = {isa = PBXFileReference; fileEncoding = 4; lastKnownFileType = sourcecode.c.objc; path = "NSObject+APObject.m"; sourceTree = "<group>"; };
		069C7B3C1EB140B400584B4B /* APCreature.h */ = {isa = PBXFileReference; fileEncoding = 4; lastKnownFileType = sourcecode.c.h; path = APCreature.h; sourceTree = "<group>"; };
		069C7B3D1EB140B400584B4B /* APCreature.m */ = {isa = PBXFileReference; fileEncoding = 4; lastKnownFileType = sourcecode.c.objc; path = APCreature.m; sourceTree = "<group>"; };
		069C7B3F1EB140B400584B4B /* APCreatureTests.h */ = {isa = PBXFileReference; fileEncoding = 4; lastKnownFileType = sourcecode.c.h; path = APCreatureTests.h; sourceTree = "<group>"; };
		069C7B401EB140B400584B4B /* APCreatureTests.m */ = {isa = PBXFileReference; fileEncoding = 4; lastKnownFileType = sourcecode.c.objc; path = APCreatureTests.m; sourceTree = "<group>"; };
		069C7B421EB140B400584B4B /* APCreatureFemale.h */ = {isa = PBXFileReference; fileEncoding = 4; lastKnownFileType = sourcecode.c.h; path = APCreatureFemale.h; sourceTree = "<group>"; };
		069C7B431EB140B400584B4B /* APCreatureFemale.m */ = {isa = PBXFileReference; fileEncoding = 4; lastKnownFileType = sourcecode.c.objc; path = APCreatureFemale.m; sourceTree = "<group>"; };
		069C7B451EB140B400584B4B /* APCreatureMale.h */ = {isa = PBXFileReference; fileEncoding = 4; lastKnownFileType = sourcecode.c.h; path = APCreatureMale.h; sourceTree = "<group>"; };
		069C7B461EB140B400584B4B /* APCreatureMale.m */ = {isa = PBXFileReference; fileEncoding = 4; lastKnownFileType = sourcecode.c.objc; path = APCreatureMale.m; sourceTree = "<group>"; };
		069C7B4B1EB140B400584B4B /* main.m */ = {isa = PBXFileReference; fileEncoding = 4; lastKnownFileType = sourcecode.c.objc; path = main.m; sourceTree = "<group>"; };
		06C1D7191EC64FFD00DBEEF0 /* APQueue.h */ = {isa = PBXFileReference; fileEncoding = 4; lastKnownFileType = sourcecode.c.h; path = APQueue.h; sourceTree = "<group>"; };
		06C1D71A1EC64FFD00DBEEF0 /* APQueue.m */ = {isa = PBXFileReference; fileEncoding = 4; lastKnownFileType = sourcecode.c.objc; path = APQueue.m; sourceTree = "<group>"; };
		06E9F2381EBA60BA00955745 /* APBuilding.h */ = {isa = PBXFileReference; fileEncoding = 4; lastKnownFileType = sourcecode.c.h; path = APBuilding.h; sourceTree = "<group>"; };
		06E9F2391EBA60BA00955745 /* APBuilding.m */ = {isa = PBXFileReference; fileEncoding = 4; lastKnownFileType = sourcecode.c.objc; path = APBuilding.m; sourceTree = "<group>"; };
		06E9F23E1EBA60BA00955745 /* APCar.h */ = {isa = PBXFileReference; fileEncoding = 4; lastKnownFileType = sourcecode.c.h; path = APCar.h; sourceTree = "<group>"; };
		06E9F23F1EBA60BA00955745 /* APCar.m */ = {isa = PBXFileReference; fileEncoding = 4; lastKnownFileType = sourcecode.c.objc; path = APCar.m; sourceTree = "<group>"; };
		06E9F2411EBA60BA00955745 /* APCarWashTest.h */ = {isa = PBXFileReference; fileEncoding = 4; lastKnownFileType = sourcecode.c.h; path = APCarWashTest.h; sourceTree = "<group>"; };
		06E9F2421EBA60BA00955745 /* APCarWashTest.m */ = {isa = PBXFileReference; fileEncoding = 4; lastKnownFileType = sourcecode.c.objc; path = APCarWashTest.m; sourceTree = "<group>"; };
		06E9F2431EBA60BA00955745 /* APMoneyTransfer.h */ = {isa = PBXFileReference; fileEncoding = 4; lastKnownFileType = sourcecode.c.h; path = APMoneyTransfer.h; sourceTree = "<group>"; };
		06E9F2461EBA60BA00955745 /* APCarWashRoom.h */ = {isa = PBXFileReference; fileEncoding = 4; lastKnownFileType = sourcecode.c.h; path = APCarWashRoom.h; sourceTree = "<group>"; };
		06E9F2471EBA60BA00955745 /* APCarWashRoom.m */ = {isa = PBXFileReference; fileEncoding = 4; lastKnownFileType = sourcecode.c.objc; path = APCarWashRoom.m; sourceTree = "<group>"; };
		06E9F2481EBA60BA00955745 /* APRoom.h */ = {isa = PBXFileReference; fileEncoding = 4; lastKnownFileType = sourcecode.c.h; path = APRoom.h; sourceTree = "<group>"; };
		06E9F2491EBA60BA00955745 /* APRoom.m */ = {isa = PBXFileReference; fileEncoding = 4; lastKnownFileType = sourcecode.c.objc; path = APRoom.m; sourceTree = "<group>"; };
		06E9F24C1EBA60BA00955745 /* APAccountant.h */ = {isa = PBXFileReference; fileEncoding = 4; lastKnownFileType = sourcecode.c.h; path = APAccountant.h; sourceTree = "<group>"; };
		06E9F24D1EBA60BA00955745 /* APAccountant.m */ = {isa = PBXFileReference; fileEncoding = 4; lastKnownFileType = sourcecode.c.objc; path = APAccountant.m; sourceTree = "<group>"; };
		06E9F24F1EBA60BA00955745 /* APBoss.h */ = {isa = PBXFileReference; fileEncoding = 4; lastKnownFileType = sourcecode.c.h; path = APBoss.h; sourceTree = "<group>"; };
		06E9F2501EBA60BA00955745 /* APBoss.m */ = {isa = PBXFileReference; fileEncoding = 4; lastKnownFileType = sourcecode.c.objc; path = APBoss.m; sourceTree = "<group>"; };
		06E9F2521EBA60BA00955745 /* APWasher.h */ = {isa = PBXFileReference; fileEncoding = 4; lastKnownFileType = sourcecode.c.h; path = APWasher.h; sourceTree = "<group>"; };
		06E9F2531EBA60BA00955745 /* APWasher.m */ = {isa = PBXFileReference; fileEncoding = 4; lastKnownFileType = sourcecode.c.objc; path = APWasher.m; sourceTree = "<group>"; };
		06E9F2541EBA60BA00955745 /* APWorker.h */ = {isa = PBXFileReference; fileEncoding = 4; lastKnownFileType = sourcecode.c.h; path = APWorker.h; sourceTree = "<group>"; };
		06E9F2551EBA60BA00955745 /* APWorker.m */ = {isa = PBXFileReference; fileEncoding = 4; lastKnownFileType = sourcecode.c.objc; path = APWorker.m; sourceTree = "<group>"; };
		06E9F28F1EBCEAC900955745 /* APCarWashEnterprise.h */ = {isa = PBXFileReference; fileEncoding = 4; lastKnownFileType = sourcecode.c.h; path = APCarWashEnterprise.h; sourceTree = "<group>"; };
		06E9F2901EBCEAC900955745 /* APCarWashEnterprise.m */ = {isa = PBXFileReference; fileEncoding = 4; lastKnownFileType = sourcecode.c.objc; path = APCarWashEnterprise.m; sourceTree = "<group>"; };
/* End PBXFileReference section */

/* Begin PBXFrameworksBuildPhase section */
		0644E0381EAA471000C5F33C /* Frameworks */ = {
			isa = PBXFrameworksBuildPhase;
			buildActionMask = 2147483647;
			files = (
			);
			runOnlyForDeploymentPostprocessing = 0;
		};
/* End PBXFrameworksBuildPhase section */

/* Begin PBXGroup section */
		063328E11ED5E4DF0070C820 /* APCommonTest */ = {
			isa = PBXGroup;
			children = (
				063328E31ED5E5BC0070C820 /* APRandomStringTest.h */,
				063328E41ED5E5BC0070C820 /* APRandomStringTest.m */,
			);
			path = APCommonTest;
			sourceTree = "<group>";
		};
		063328EC1ED78CCB0070C820 /* NSString+APExtensions */ = {
			isa = PBXGroup;
			children = (
				063328ED1ED78CCB0070C820 /* APAlphabet.h */,
				063328EE1ED78CCB0070C820 /* APAlphabet.m */,
				063328EF1ED78CCB0070C820 /* NSString+APExtensions.h */,
				063328F01ED78CCB0070C820 /* NSString+APExtensions.m */,
				063328F11ED78CCB0070C820 /* Private */,
			);
			path = "NSString+APExtensions";
			sourceTree = "<group>";
		};
		063328F11ED78CCB0070C820 /* Private */ = {
			isa = PBXGroup;
			children = (
			);
			path = Private;
			sourceTree = "<group>";
		};
		0644E0321EAA471000C5F33C = {
			isa = PBXGroup;
			children = (
				069C7B391EB140B400584B4B /* APCreature */,
				0644E03C1EAA471000C5F33C /* Products */,
			);
			sourceTree = "<group>";
		};
		0644E03C1EAA471000C5F33C /* Products */ = {
			isa = PBXGroup;
			children = (
				0644E03B1EAA471000C5F33C /* APCreature */,
			);
			name = Products;
			sourceTree = "<group>";
		};
		068F61DB1EB77AC90086E080 /* APRandomNumbers */ = {
			isa = PBXGroup;
			children = (
				068F61DC1EB77AC90086E080 /* NSObject+APRandomNumbers.h */,
				068F61DD1EB77AC90086E080 /* NSObject+APRandomNumbers.m */,
			);
			path = APRandomNumbers;
			sourceTree = "<group>";
		};
		068F61E61EB7E7F40086E080 /* Categories */ = {
			isa = PBXGroup;
			children = (
				063328EC1ED78CCB0070C820 /* NSString+APExtensions */,
				063328DA1ED25DFE0070C820 /* NSArray+APExtensions.h */,
				063328DB1ED25DFE0070C820 /* NSArray+APExtensions.m */,
				068F61E91EB7E7F40086E080 /* NSObject+APObject.h */,
				068F61EA1EB7E7F40086E080 /* NSObject+APObject.m */,
			);
			path = Categories;
			sourceTree = "<group>";
		};
		069C7B391EB140B400584B4B /* APCreature */ = {
			isa = PBXGroup;
			children = (
				063328E11ED5E4DF0070C820 /* APCommonTest */,
				06E9F2361EBA60BA00955745 /* APCarWashProject */,
				068F61E61EB7E7F40086E080 /* Categories */,
				068F61DB1EB77AC90086E080 /* APRandomNumbers */,
				069C7B3A1EB140B400584B4B /* APCreatureProject */,
				069C7B4B1EB140B400584B4B /* main.m */,
			);
			path = APCreature;
			sourceTree = "<group>";
		};
		069C7B3A1EB140B400584B4B /* APCreatureProject */ = {
			isa = PBXGroup;
			children = (
				069C7B3B1EB140B400584B4B /* APCreature */,
				069C7B3E1EB140B400584B4B /* APCreatureTests */,
				069C7B411EB140B400584B4B /* APFemale */,
				069C7B441EB140B400584B4B /* APMale */,
			);
			path = APCreatureProject;
			sourceTree = "<group>";
		};
		069C7B3B1EB140B400584B4B /* APCreature */ = {
			isa = PBXGroup;
			children = (
				069C7B3C1EB140B400584B4B /* APCreature.h */,
				069C7B3D1EB140B400584B4B /* APCreature.m */,
			);
			path = APCreature;
			sourceTree = "<group>";
		};
		069C7B3E1EB140B400584B4B /* APCreatureTests */ = {
			isa = PBXGroup;
			children = (
				069C7B3F1EB140B400584B4B /* APCreatureTests.h */,
				069C7B401EB140B400584B4B /* APCreatureTests.m */,
			);
			path = APCreatureTests;
			sourceTree = "<group>";
		};
		069C7B411EB140B400584B4B /* APFemale */ = {
			isa = PBXGroup;
			children = (
				069C7B421EB140B400584B4B /* APCreatureFemale.h */,
				069C7B431EB140B400584B4B /* APCreatureFemale.m */,
			);
			path = APFemale;
			sourceTree = "<group>";
		};
		069C7B441EB140B400584B4B /* APMale */ = {
			isa = PBXGroup;
			children = (
				069C7B451EB140B400584B4B /* APCreatureMale.h */,
				069C7B461EB140B400584B4B /* APCreatureMale.m */,
			);
			path = APMale;
			sourceTree = "<group>";
		};
		06C1D7181EC64F9E00DBEEF0 /* APQueue */ = {
			isa = PBXGroup;
			children = (
				06C1D7191EC64FFD00DBEEF0 /* APQueue.h */,
				06C1D71A1EC64FFD00DBEEF0 /* APQueue.m */,
			);
			path = APQueue;
			sourceTree = "<group>";
		};
		06E9F2361EBA60BA00955745 /* APCarWashProject */ = {
			isa = PBXGroup;
			children = (
				06C1D7181EC64F9E00DBEEF0 /* APQueue */,
				06E9F28E1EBCEA4A00955745 /* APCarWashEnterprise */,
				06E9F2371EBA60BA00955745 /* APBuilding */,
				06E9F23D1EBA60BA00955745 /* APCar */,
				06E9F2401EBA60BA00955745 /* APCarWashTest */,
				06E9F2431EBA60BA00955745 /* APMoneyTransfer.h */,
				06E9F2441EBA60BA00955745 /* APRoom */,
				06E9F24A1EBA60BA00955745 /* APWorker */,
			);
			path = APCarWashProject;
			sourceTree = "<group>";
		};
		06E9F2371EBA60BA00955745 /* APBuilding */ = {
			isa = PBXGroup;
			children = (
				06E9F2381EBA60BA00955745 /* APBuilding.h */,
				06E9F2391EBA60BA00955745 /* APBuilding.m */,
			);
			path = APBuilding;
			sourceTree = "<group>";
		};
		06E9F23D1EBA60BA00955745 /* APCar */ = {
			isa = PBXGroup;
			children = (
				06E9F23E1EBA60BA00955745 /* APCar.h */,
				06E9F23F1EBA60BA00955745 /* APCar.m */,
			);
			path = APCar;
			sourceTree = "<group>";
		};
		06E9F2401EBA60BA00955745 /* APCarWashTest */ = {
			isa = PBXGroup;
			children = (
				06E9F2411EBA60BA00955745 /* APCarWashTest.h */,
				06E9F2421EBA60BA00955745 /* APCarWashTest.m */,
			);
			path = APCarWashTest;
			sourceTree = "<group>";
		};
		06E9F2441EBA60BA00955745 /* APRoom */ = {
			isa = PBXGroup;
			children = (
				06E9F2451EBA60BA00955745 /* APCarWashRoom */,
				06E9F2481EBA60BA00955745 /* APRoom.h */,
				06E9F2491EBA60BA00955745 /* APRoom.m */,
			);
			path = APRoom;
			sourceTree = "<group>";
		};
		06E9F2451EBA60BA00955745 /* APCarWashRoom */ = {
			isa = PBXGroup;
			children = (
				06E9F2461EBA60BA00955745 /* APCarWashRoom.h */,
				06E9F2471EBA60BA00955745 /* APCarWashRoom.m */,
			);
			path = APCarWashRoom;
			sourceTree = "<group>";
		};
		06E9F24A1EBA60BA00955745 /* APWorker */ = {
			isa = PBXGroup;
			children = (
				06E9F24B1EBA60BA00955745 /* APAccountant */,
				06E9F24E1EBA60BA00955745 /* APBoss */,
				06E9F2511EBA60BA00955745 /* APWasher */,
				06E9F2541EBA60BA00955745 /* APWorker.h */,
				06E9F2551EBA60BA00955745 /* APWorker.m */,
			);
			path = APWorker;
			sourceTree = "<group>";
		};
		06E9F24B1EBA60BA00955745 /* APAccountant */ = {
			isa = PBXGroup;
			children = (
				06E9F24C1EBA60BA00955745 /* APAccountant.h */,
				06E9F24D1EBA60BA00955745 /* APAccountant.m */,
			);
			path = APAccountant;
			sourceTree = "<group>";
		};
		06E9F24E1EBA60BA00955745 /* APBoss */ = {
			isa = PBXGroup;
			children = (
				06E9F24F1EBA60BA00955745 /* APBoss.h */,
				06E9F2501EBA60BA00955745 /* APBoss.m */,
			);
			path = APBoss;
			sourceTree = "<group>";
		};
		06E9F2511EBA60BA00955745 /* APWasher */ = {
			isa = PBXGroup;
			children = (
				06E9F2521EBA60BA00955745 /* APWasher.h */,
				06E9F2531EBA60BA00955745 /* APWasher.m */,
			);
			path = APWasher;
			sourceTree = "<group>";
		};
		06E9F28E1EBCEA4A00955745 /* APCarWashEnterprise */ = {
			isa = PBXGroup;
			children = (
				06E9F28F1EBCEAC900955745 /* APCarWashEnterprise.h */,
				06E9F2901EBCEAC900955745 /* APCarWashEnterprise.m */,
			);
			path = APCarWashEnterprise;
			sourceTree = "<group>";
		};
/* End PBXGroup section */

/* Begin PBXNativeTarget section */
		0644E03A1EAA471000C5F33C /* APCreature */ = {
			isa = PBXNativeTarget;
			buildConfigurationList = 0644E0421EAA471000C5F33C /* Build configuration list for PBXNativeTarget "APCreature" */;
			buildPhases = (
				0644E0371EAA471000C5F33C /* Sources */,
				0644E0381EAA471000C5F33C /* Frameworks */,
				0644E0391EAA471000C5F33C /* CopyFiles */,
			);
			buildRules = (
			);
			dependencies = (
			);
			name = APCreature;
			productName = APCreature;
			productReference = 0644E03B1EAA471000C5F33C /* APCreature */;
			productType = "com.apple.product-type.tool";
		};
/* End PBXNativeTarget section */

/* Begin PBXProject section */
		0644E0331EAA471000C5F33C /* Project object */ = {
			isa = PBXProject;
			attributes = {
				LastUpgradeCheck = 0830;
				ORGANIZATIONNAME = "Aleksandr Poliakov";
				TargetAttributes = {
					0644E03A1EAA471000C5F33C = {
						CreatedOnToolsVersion = 8.3.2;
						DevelopmentTeam = VA3GS9K36G;
						ProvisioningStyle = Automatic;
					};
				};
			};
			buildConfigurationList = 0644E0361EAA471000C5F33C /* Build configuration list for PBXProject "APCreature" */;
			compatibilityVersion = "Xcode 3.2";
			developmentRegion = English;
			hasScannedForEncodings = 0;
			knownRegions = (
				en,
			);
			mainGroup = 0644E0321EAA471000C5F33C;
			productRefGroup = 0644E03C1EAA471000C5F33C /* Products */;
			projectDirPath = "";
			projectRoot = "";
			targets = (
				0644E03A1EAA471000C5F33C /* APCreature */,
			);
		};
/* End PBXProject section */

/* Begin PBXSourcesBuildPhase section */
		0644E0371EAA471000C5F33C /* Sources */ = {
			isa = PBXSourcesBuildPhase;
			buildActionMask = 2147483647;
			files = (
				06E9F2561EBA60BA00955745 /* APBuilding.m in Sources */,
				069C7B4E1EB140B400584B4B /* APCreatureFemale.m in Sources */,
				06E9F2581EBA60BA00955745 /* APCar.m in Sources */,
				06E9F25E1EBA60BA00955745 /* APWasher.m in Sources */,
				06E9F2591EBA60BA00955745 /* APCarWashTest.m in Sources */,
				06E9F25A1EBA60BA00955745 /* APCarWashRoom.m in Sources */,
				06E9F2911EBCEAC900955745 /* APCarWashEnterprise.m in Sources */,
				063328E51ED5E5BC0070C820 /* APRandomStringTest.m in Sources */,
				063328F31ED78CCB0070C820 /* NSString+APExtensions.m in Sources */,
				069C7B4C1EB140B400584B4B /* APCreature.m in Sources */,
				069C7B4F1EB140B400584B4B /* APCreatureMale.m in Sources */,
				063328DC1ED25DFE0070C820 /* NSArray+APExtensions.m in Sources */,
				06E9F25B1EBA60BA00955745 /* APRoom.m in Sources */,
				068F61DE1EB77AC90086E080 /* NSObject+APRandomNumbers.m in Sources */,
				06E9F25F1EBA60BA00955745 /* APWorker.m in Sources */,
				063328F21ED78CCB0070C820 /* APAlphabet.m in Sources */,
				06C1D71B1EC64FFD00DBEEF0 /* APQueue.m in Sources */,
				06E9F25D1EBA60BA00955745 /* APBoss.m in Sources */,
				069C7B511EB140B400584B4B /* main.m in Sources */,
				068F61EC1EB7E7F40086E080 /* NSObject+APObject.m in Sources */,
				06E9F25C1EBA60BA00955745 /* APAccountant.m in Sources */,
				069C7B4D1EB140B400584B4B /* APCreatureTests.m in Sources */,
			);
			runOnlyForDeploymentPostprocessing = 0;
		};
/* End PBXSourcesBuildPhase section */

/* Begin XCBuildConfiguration section */
		0644E0401EAA471000C5F33C /* Debug */ = {
			isa = XCBuildConfiguration;
			buildSettings = {
				ALWAYS_SEARCH_USER_PATHS = NO;
				CLANG_ANALYZER_NONNULL = YES;
				CLANG_ANALYZER_NUMBER_OBJECT_CONVERSION = YES_AGGRESSIVE;
				CLANG_CXX_LANGUAGE_STANDARD = "gnu++0x";
				CLANG_CXX_LIBRARY = "libc++";
				CLANG_ENABLE_MODULES = YES;
				CLANG_ENABLE_OBJC_ARC = YES;
				CLANG_WARN_BOOL_CONVERSION = YES;
				CLANG_WARN_CONSTANT_CONVERSION = YES;
				CLANG_WARN_DIRECT_OBJC_ISA_USAGE = YES_ERROR;
				CLANG_WARN_DOCUMENTATION_COMMENTS = YES;
				CLANG_WARN_EMPTY_BODY = YES;
				CLANG_WARN_ENUM_CONVERSION = YES;
				CLANG_WARN_INFINITE_RECURSION = YES;
				CLANG_WARN_INT_CONVERSION = YES;
				CLANG_WARN_OBJC_ROOT_CLASS = YES_ERROR;
				CLANG_WARN_SUSPICIOUS_MOVE = YES;
				CLANG_WARN_UNREACHABLE_CODE = YES;
				CLANG_WARN__DUPLICATE_METHOD_MATCH = YES;
				CODE_SIGN_IDENTITY = "-";
				COPY_PHASE_STRIP = NO;
				DEBUG_INFORMATION_FORMAT = dwarf;
				ENABLE_STRICT_OBJC_MSGSEND = YES;
				ENABLE_TESTABILITY = YES;
				GCC_C_LANGUAGE_STANDARD = gnu99;
				GCC_DYNAMIC_NO_PIC = NO;
				GCC_NO_COMMON_BLOCKS = YES;
				GCC_OPTIMIZATION_LEVEL = 0;
				GCC_PREPROCESSOR_DEFINITIONS = (
					"DEBUG=1",
					"$(inherited)",
				);
				GCC_WARN_64_TO_32_BIT_CONVERSION = YES;
				GCC_WARN_ABOUT_RETURN_TYPE = YES_ERROR;
				GCC_WARN_UNDECLARED_SELECTOR = YES;
				GCC_WARN_UNINITIALIZED_AUTOS = YES_AGGRESSIVE;
				GCC_WARN_UNUSED_FUNCTION = YES;
				GCC_WARN_UNUSED_VARIABLE = YES;
				MACOSX_DEPLOYMENT_TARGET = 10.12;
				MTL_ENABLE_DEBUG_INFO = YES;
				ONLY_ACTIVE_ARCH = YES;
				SDKROOT = macosx;
			};
			name = Debug;
		};
		0644E0411EAA471000C5F33C /* Release */ = {
			isa = XCBuildConfiguration;
			buildSettings = {
				ALWAYS_SEARCH_USER_PATHS = NO;
				CLANG_ANALYZER_NONNULL = YES;
				CLANG_ANALYZER_NUMBER_OBJECT_CONVERSION = YES_AGGRESSIVE;
				CLANG_CXX_LANGUAGE_STANDARD = "gnu++0x";
				CLANG_CXX_LIBRARY = "libc++";
				CLANG_ENABLE_MODULES = YES;
				CLANG_ENABLE_OBJC_ARC = YES;
				CLANG_WARN_BOOL_CONVERSION = YES;
				CLANG_WARN_CONSTANT_CONVERSION = YES;
				CLANG_WARN_DIRECT_OBJC_ISA_USAGE = YES_ERROR;
				CLANG_WARN_DOCUMENTATION_COMMENTS = YES;
				CLANG_WARN_EMPTY_BODY = YES;
				CLANG_WARN_ENUM_CONVERSION = YES;
				CLANG_WARN_INFINITE_RECURSION = YES;
				CLANG_WARN_INT_CONVERSION = YES;
				CLANG_WARN_OBJC_ROOT_CLASS = YES_ERROR;
				CLANG_WARN_SUSPICIOUS_MOVE = YES;
				CLANG_WARN_UNREACHABLE_CODE = YES;
				CLANG_WARN__DUPLICATE_METHOD_MATCH = YES;
				CODE_SIGN_IDENTITY = "-";
				COPY_PHASE_STRIP = NO;
				DEBUG_INFORMATION_FORMAT = "dwarf-with-dsym";
				ENABLE_NS_ASSERTIONS = NO;
				ENABLE_STRICT_OBJC_MSGSEND = YES;
				GCC_C_LANGUAGE_STANDARD = gnu99;
				GCC_NO_COMMON_BLOCKS = YES;
				GCC_WARN_64_TO_32_BIT_CONVERSION = YES;
				GCC_WARN_ABOUT_RETURN_TYPE = YES_ERROR;
				GCC_WARN_UNDECLARED_SELECTOR = YES;
				GCC_WARN_UNINITIALIZED_AUTOS = YES_AGGRESSIVE;
				GCC_WARN_UNUSED_FUNCTION = YES;
				GCC_WARN_UNUSED_VARIABLE = YES;
				MACOSX_DEPLOYMENT_TARGET = 10.12;
				MTL_ENABLE_DEBUG_INFO = NO;
				SDKROOT = macosx;
			};
			name = Release;
		};
		0644E0431EAA471000C5F33C /* Debug */ = {
			isa = XCBuildConfiguration;
			buildSettings = {
				CLANG_ENABLE_OBJC_ARC = NO;
				DEVELOPMENT_TEAM = VA3GS9K36G;
				MACOSX_DEPLOYMENT_TARGET = 10.11;
				PRODUCT_NAME = "$(TARGET_NAME)";
			};
			name = Debug;
		};
		0644E0441EAA471000C5F33C /* Release */ = {
			isa = XCBuildConfiguration;
			buildSettings = {
				CLANG_ENABLE_OBJC_ARC = NO;
				DEVELOPMENT_TEAM = VA3GS9K36G;
				MACOSX_DEPLOYMENT_TARGET = 10.11;
				PRODUCT_NAME = "$(TARGET_NAME)";
			};
			name = Release;
		};
/* End XCBuildConfiguration section */

/* Begin XCConfigurationList section */
		0644E0361EAA471000C5F33C /* Build configuration list for PBXProject "APCreature" */ = {
			isa = XCConfigurationList;
			buildConfigurations = (
				0644E0401EAA471000C5F33C /* Debug */,
				0644E0411EAA471000C5F33C /* Release */,
			);
			defaultConfigurationIsVisible = 0;
			defaultConfigurationName = Release;
		};
		0644E0421EAA471000C5F33C /* Build configuration list for PBXNativeTarget "APCreature" */ = {
			isa = XCConfigurationList;
			buildConfigurations = (
				0644E0431EAA471000C5F33C /* Debug */,
				0644E0441EAA471000C5F33C /* Release */,
			);
			defaultConfigurationIsVisible = 0;
			defaultConfigurationName = Release;
		};
/* End XCConfigurationList section */
	};
	rootObject = 0644E0331EAA471000C5F33C /* Project object */;
}
